# THIS IS AN AUTOGENERATED FILE. DO NOT EDIT THIS FILE DIRECTLY.
# yarn lockfile v1


"@aws-crypto/sha256-browser@5.2.0":
  version "5.2.0"
  resolved "https://registry.yarnpkg.com/@aws-crypto/sha256-browser/-/sha256-browser-5.2.0.tgz#153895ef1dba6f9fce38af550e0ef58988eb649e"
  integrity sha512-AXfN/lGotSQwu6HNcEsIASo7kWXZ5HYWvfOmSNKDsEqC4OashTp8alTmaz+F7TC2L083SFv5RdB+qU3Vs1kZqw==
  dependencies:
    "@aws-crypto/sha256-js" "^5.2.0"
    "@aws-crypto/supports-web-crypto" "^5.2.0"
    "@aws-crypto/util" "^5.2.0"
    "@aws-sdk/types" "^3.222.0"
    "@aws-sdk/util-locate-window" "^3.0.0"
    "@smithy/util-utf8" "^2.0.0"
    tslib "^2.6.2"

"@aws-crypto/sha256-js@5.2.0", "@aws-crypto/sha256-js@^5.2.0":
  version "5.2.0"
  resolved "https://registry.yarnpkg.com/@aws-crypto/sha256-js/-/sha256-js-5.2.0.tgz#c4fdb773fdbed9a664fc1a95724e206cf3860042"
  integrity sha512-FFQQyu7edu4ufvIZ+OadFpHHOt+eSTBaYaki44c+akjg7qZg9oOQeLlk77F6tSYqjDAFClrHJk9tMf0HdVyOvA==
  dependencies:
    "@aws-crypto/util" "^5.2.0"
    "@aws-sdk/types" "^3.222.0"
    tslib "^2.6.2"

"@aws-crypto/supports-web-crypto@^5.2.0":
  version "5.2.0"
  resolved "https://registry.yarnpkg.com/@aws-crypto/supports-web-crypto/-/supports-web-crypto-5.2.0.tgz#a1e399af29269be08e695109aa15da0a07b5b5fb"
  integrity sha512-iAvUotm021kM33eCdNfwIN//F77/IADDSs58i+MDaOqFrVjZo9bAal0NK7HurRuWLLpF1iLX7gbWrjHjeo+YFg==
  dependencies:
    tslib "^2.6.2"

"@aws-crypto/util@^5.2.0":
  version "5.2.0"
  resolved "https://registry.yarnpkg.com/@aws-crypto/util/-/util-5.2.0.tgz#71284c9cffe7927ddadac793c14f14886d3876da"
  integrity sha512-4RkU9EsI6ZpBve5fseQlGNUWKMa1RLPQ1dnjnQoe07ldfIzcsGb5hC5W0Dm7u423KWzawlrpbjXBrXCEv9zazQ==
  dependencies:
    "@aws-sdk/types" "^3.222.0"
    "@smithy/util-utf8" "^2.0.0"
    tslib "^2.6.2"

"@aws-sdk/core@3.731.0":
  version "3.731.0"
  resolved "https://registry.yarnpkg.com/@aws-sdk/core/-/core-3.731.0.tgz#86b7cbdd63b20aa5e6339536d2c94a728dd4d83c"
  integrity sha512-ithBN1VWASkvAIlozJmenqDvNnFddr/SZXAs58+jCnBHgy3tXLHABZGVNCjetZkHRqNdXEO1kirnoxaFeXMeDA==
  dependencies:
    "@aws-sdk/types" "3.731.0"
    "@smithy/core" "^3.0.0"
    "@smithy/node-config-provider" "^4.0.0"
    "@smithy/property-provider" "^4.0.0"
    "@smithy/protocol-http" "^5.0.0"
    "@smithy/signature-v4" "^5.0.0"
    "@smithy/smithy-client" "^4.0.0"
    "@smithy/types" "^4.0.0"
    "@smithy/util-middleware" "^4.0.0"
    fast-xml-parser "4.4.1"
    tslib "^2.6.2"

"@aws-sdk/middleware-host-header@3.731.0":
  version "3.731.0"
  resolved "https://registry.yarnpkg.com/@aws-sdk/middleware-host-header/-/middleware-host-header-3.731.0.tgz#7f62d4d1d6243bdba4c8737fc34668c95c6d0e1b"
  integrity sha512-ndAJsm5uWPPJRZowLKpB1zuL17qWlWVtCJP4I/ynBkq1PU1DijDXBul2UZaG6Mpvsgms1NXo/h9noHuK7T3v8w==
  dependencies:
    "@aws-sdk/types" "3.731.0"
    "@smithy/protocol-http" "^5.0.0"
    "@smithy/types" "^4.0.0"
    tslib "^2.6.2"

"@aws-sdk/middleware-logger@3.731.0":
  version "3.731.0"
  resolved "https://registry.yarnpkg.com/@aws-sdk/middleware-logger/-/middleware-logger-3.731.0.tgz#8ab06f4c6c27be8893e3eb256d686e2bee5c4bf6"
  integrity sha512-IIZrOdjbY2vKzPJPrwE7FoFQCIPEL6UqURi8LEaiVyCag4p2fvaTN5pgKuQtGC2+iYd/HHcGT4qn2bAqF5Jmmw==
  dependencies:
    "@aws-sdk/types" "3.731.0"
    "@smithy/types" "^4.0.0"
    tslib "^2.6.2"

"@aws-sdk/middleware-recursion-detection@3.731.0":
  version "3.731.0"
  resolved "https://registry.yarnpkg.com/@aws-sdk/middleware-recursion-detection/-/middleware-recursion-detection-3.731.0.tgz#c16057884029d9b10a822a47bfd51f59f3f8bf3a"
  integrity sha512-y6FLASB1iKWuR5tUipMyo77bt0lEl3OnCrrd2xw/H24avq1HhJjjPR0HHhJE6QKJzF/FYXeV88tcyPSMe32VDw==
  dependencies:
    "@aws-sdk/types" "3.731.0"
    "@smithy/protocol-http" "^5.0.0"
    "@smithy/types" "^4.0.0"
    tslib "^2.6.2"

"@aws-sdk/middleware-user-agent@3.731.0":
  version "3.731.0"
  resolved "https://registry.yarnpkg.com/@aws-sdk/middleware-user-agent/-/middleware-user-agent-3.731.0.tgz#5a0c2b118c1a63a37cc4d4db1eb585115ffe4285"
  integrity sha512-Ngr2Gz0aec/uduoKaO3srN52SYkEHndYtFzkK/gDUyQwQzi4ha2eIisxPiuHEX6RvXT31V9ouqn/YtVkt0R76A==
  dependencies:
    "@aws-sdk/core" "3.731.0"
    "@aws-sdk/types" "3.731.0"
    "@aws-sdk/util-endpoints" "3.731.0"
    "@smithy/core" "^3.0.0"
    "@smithy/protocol-http" "^5.0.0"
    "@smithy/types" "^4.0.0"
    tslib "^2.6.2"

"@aws-sdk/nested-clients@3.731.1":
  version "3.731.1"
  resolved "https://registry.yarnpkg.com/@aws-sdk/nested-clients/-/nested-clients-3.731.1.tgz#b60839691f0bbdcb1a1efe8668b1b814704811e6"
  integrity sha512-/L8iVrulnXZl+kgmTn+oxRxNnhcSIbf+r12C06vGUq60w0YMidLvxJZN7vt8H9SnCAGCHqud2MS7ExCEvhc0gA==
  dependencies:
    "@aws-crypto/sha256-browser" "5.2.0"
    "@aws-crypto/sha256-js" "5.2.0"
    "@aws-sdk/core" "3.731.0"
    "@aws-sdk/middleware-host-header" "3.731.0"
    "@aws-sdk/middleware-logger" "3.731.0"
    "@aws-sdk/middleware-recursion-detection" "3.731.0"
    "@aws-sdk/middleware-user-agent" "3.731.0"
    "@aws-sdk/region-config-resolver" "3.731.0"
    "@aws-sdk/types" "3.731.0"
    "@aws-sdk/util-endpoints" "3.731.0"
    "@aws-sdk/util-user-agent-browser" "3.731.0"
    "@aws-sdk/util-user-agent-node" "3.731.0"
    "@smithy/config-resolver" "^4.0.0"
    "@smithy/core" "^3.0.0"
    "@smithy/fetch-http-handler" "^5.0.0"
    "@smithy/hash-node" "^4.0.0"
    "@smithy/invalid-dependency" "^4.0.0"
    "@smithy/middleware-content-length" "^4.0.0"
    "@smithy/middleware-endpoint" "^4.0.0"
    "@smithy/middleware-retry" "^4.0.0"
    "@smithy/middleware-serde" "^4.0.0"
    "@smithy/middleware-stack" "^4.0.0"
    "@smithy/node-config-provider" "^4.0.0"
    "@smithy/node-http-handler" "^4.0.0"
    "@smithy/protocol-http" "^5.0.0"
    "@smithy/smithy-client" "^4.0.0"
    "@smithy/types" "^4.0.0"
    "@smithy/url-parser" "^4.0.0"
    "@smithy/util-base64" "^4.0.0"
    "@smithy/util-body-length-browser" "^4.0.0"
    "@smithy/util-body-length-node" "^4.0.0"
    "@smithy/util-defaults-mode-browser" "^4.0.0"
    "@smithy/util-defaults-mode-node" "^4.0.0"
    "@smithy/util-endpoints" "^3.0.0"
    "@smithy/util-middleware" "^4.0.0"
    "@smithy/util-retry" "^4.0.0"
    "@smithy/util-utf8" "^4.0.0"
    tslib "^2.6.2"

"@aws-sdk/region-config-resolver@3.731.0":
  version "3.731.0"
  resolved "https://registry.yarnpkg.com/@aws-sdk/region-config-resolver/-/region-config-resolver-3.731.0.tgz#d7508a1489b43a0767553c82f58c83788bbe3673"
  integrity sha512-XlDpRNkDVHF59f07JmkuAidEv//m3hT6/JL85h0l3+zrpaRWhf8n8lVUyAPNq35ZujK8AcorYM+93u7hdWsliQ==
  dependencies:
    "@aws-sdk/types" "3.731.0"
    "@smithy/node-config-provider" "^4.0.0"
    "@smithy/types" "^4.0.0"
    "@smithy/util-config-provider" "^4.0.0"
    "@smithy/util-middleware" "^4.0.0"
    tslib "^2.6.2"

"@aws-sdk/token-providers@3.731.1":
  version "3.731.1"
  resolved "https://registry.yarnpkg.com/@aws-sdk/token-providers/-/token-providers-3.731.1.tgz#02cd2ed586635f1ccdc91a1763994dbb545f9983"
  integrity sha512-t34GOPwBZsX7zGHjiTXmMHGY3kHM7fLiQ60Jqk0On9P0ASHTDE5U75RgCXboE3u+qEv9wyKyaqMNyMWj9qQlFg==
  dependencies:
    "@aws-sdk/nested-clients" "3.731.1"
    "@aws-sdk/types" "3.731.0"
    "@smithy/property-provider" "^4.0.0"
    "@smithy/shared-ini-file-loader" "^4.0.0"
    "@smithy/types" "^4.0.0"
    tslib "^2.6.2"

"@aws-sdk/types@3.731.0":
  version "3.731.0"
  resolved "https://registry.yarnpkg.com/@aws-sdk/types/-/types-3.731.0.tgz#c35cc2a8c4c9eca768563037ffbdc0cb599f4cd4"
  integrity sha512-NrdkJg6oOUbXR2r9WvHP408CLyvST8cJfp1/jP9pemtjvjPoh6NukbCtiSFdOOb1eryP02CnqQWItfJC1p2Y/Q==
  dependencies:
    "@smithy/types" "^4.0.0"
    tslib "^2.6.2"

"@aws-sdk/types@^3.222.0":
  version "3.378.0"
  resolved "https://registry.yarnpkg.com/@aws-sdk/types/-/types-3.378.0.tgz#93a811ccdf15c81b1947f1cd67922c4690792189"
  integrity sha512-qP0CvR/ItgktmN8YXpGQglzzR/6s0nrsQ4zIfx3HMwpsBTwuouYahcCtF1Vr82P4NFcoDA412EJahJ2pIqEd+w==
  dependencies:
    "@smithy/types" "^2.0.2"
    tslib "^2.5.0"

"@aws-sdk/util-endpoints@3.731.0":
  version "3.731.0"
  resolved "https://registry.yarnpkg.com/@aws-sdk/util-endpoints/-/util-endpoints-3.731.0.tgz#21822554efd1f9a22742a4163a312a5dc9372a46"
  integrity sha512-riztxTAfncFS9yQWcBJffGgOgLoKSa63ph+rxWJxKl6BHAmWEvHICj1qDcVmnWfIcvJ5cClclY75l9qKaUH7rQ==
  dependencies:
    "@aws-sdk/types" "3.731.0"
    "@smithy/types" "^4.0.0"
    "@smithy/util-endpoints" "^3.0.0"
    tslib "^2.6.2"

"@aws-sdk/util-locate-window@^3.0.0":
  version "3.310.0"
  resolved "https://registry.yarnpkg.com/@aws-sdk/util-locate-window/-/util-locate-window-3.310.0.tgz#b071baf050301adee89051032bd4139bba32cc40"
  integrity sha512-qo2t/vBTnoXpjKxlsC2e1gBrRm80M3bId27r0BRB2VniSSe7bL1mmzM+/HFtujm0iAxtPM+aLEflLJlJeDPg0w==
  dependencies:
    tslib "^2.5.0"

"@aws-sdk/util-user-agent-browser@3.731.0":
  version "3.731.0"
  resolved "https://registry.yarnpkg.com/@aws-sdk/util-user-agent-browser/-/util-user-agent-browser-3.731.0.tgz#09139c7a5d04b0d07571f57b405ca71f761e4d3a"
  integrity sha512-EnYXxTkCNCjTTBjW/pelRPv4Thsi9jepoB6qQjPMA9/ixrZ71BhhQecz9kgqzZLR9BPCwb6hgJ/Yd702jqJ4aQ==
  dependencies:
    "@aws-sdk/types" "3.731.0"
    "@smithy/types" "^4.0.0"
    bowser "^2.11.0"
    tslib "^2.6.2"

"@aws-sdk/util-user-agent-node@3.731.0":
  version "3.731.0"
  resolved "https://registry.yarnpkg.com/@aws-sdk/util-user-agent-node/-/util-user-agent-node-3.731.0.tgz#97751200f073326b170263aabc43d1c01b6520bf"
  integrity sha512-Rze78Ym5Bx7aWMvmZE2iL3JPo2INNCC5N9rLVx98Gg1G0ZaxclVRUvJrh1AojNlOFxU+otkxAe7FA3Foy2iLLQ==
  dependencies:
    "@aws-sdk/middleware-user-agent" "3.731.0"
    "@aws-sdk/types" "3.731.0"
    "@smithy/node-config-provider" "^4.0.0"
    "@smithy/types" "^4.0.0"
    tslib "^2.6.2"

"@babel/runtime@^7.21.0":
  version "7.22.6"
  resolved "https://registry.yarnpkg.com/@babel/runtime/-/runtime-7.22.6.tgz#57d64b9ae3cff1d67eb067ae117dac087f5bd438"
  integrity sha512-wDb5pWm4WDdF6LFUde3Jl8WzPA+3ZbxYqkC6xAXuD3irdEHN1k0NfTRrJD8ZD378SJ61miMLCqIOXYhd8x+AJQ==
  dependencies:
    regenerator-runtime "^0.13.11"

"@smithy/abort-controller@^4.0.1":
  version "4.0.1"
  resolved "https://registry.yarnpkg.com/@smithy/abort-controller/-/abort-controller-4.0.1.tgz#7c5e73690c4105ad264c2896bd1ea822450c3819"
  integrity sha512-fiUIYgIgRjMWznk6iLJz35K2YxSLHzLBA/RC6lBrKfQ8fHbPfvk7Pk9UvpKoHgJjI18MnbPuEju53zcVy6KF1g==
  dependencies:
    "@smithy/types" "^4.1.0"
    tslib "^2.6.2"

"@smithy/config-resolver@^4.0.0", "@smithy/config-resolver@^4.0.1":
  version "4.0.1"
  resolved "https://registry.yarnpkg.com/@smithy/config-resolver/-/config-resolver-4.0.1.tgz#3d6c78bbc51adf99c9819bb3f0ea197fe03ad363"
  integrity sha512-Igfg8lKu3dRVkTSEm98QpZUvKEOa71jDX4vKRcvJVyRc3UgN3j7vFMf0s7xLQhYmKa8kyJGQgUJDOV5V3neVlQ==
  dependencies:
    "@smithy/node-config-provider" "^4.0.1"
    "@smithy/types" "^4.1.0"
    "@smithy/util-config-provider" "^4.0.0"
    "@smithy/util-middleware" "^4.0.1"
    tslib "^2.6.2"

"@smithy/core@^3.0.0", "@smithy/core@^3.1.1", "@smithy/core@^3.1.4":
  version "3.1.4"
  resolved "https://registry.yarnpkg.com/@smithy/core/-/core-3.1.4.tgz#47ce2b1b363ba92be2b47551bdd30969c6435bd2"
  integrity sha512-wFExFGK+7r2wYriOqe7RRIBNpvxwiS95ih09+GSLRBdoyK/O1uZA7K7pKesj5CBvwJuSBeXwLyR88WwIAY+DGA==
  dependencies:
    "@smithy/middleware-serde" "^4.0.2"
    "@smithy/protocol-http" "^5.0.1"
    "@smithy/types" "^4.1.0"
    "@smithy/util-body-length-browser" "^4.0.0"
    "@smithy/util-middleware" "^4.0.1"
    "@smithy/util-stream" "^4.1.1"
    "@smithy/util-utf8" "^4.0.0"
    tslib "^2.6.2"

"@smithy/credential-provider-imds@^4.0.1":
  version "4.0.1"
  resolved "https://registry.yarnpkg.com/@smithy/credential-provider-imds/-/credential-provider-imds-4.0.1.tgz#807110739982acd1588a4847b61e6edf196d004e"
  integrity sha512-l/qdInaDq1Zpznpmev/+52QomsJNZ3JkTl5yrTl02V6NBgJOQ4LY0SFw/8zsMwj3tLe8vqiIuwF6nxaEwgf6mg==
  dependencies:
    "@smithy/node-config-provider" "^4.0.1"
    "@smithy/property-provider" "^4.0.1"
    "@smithy/types" "^4.1.0"
    "@smithy/url-parser" "^4.0.1"
    tslib "^2.6.2"

"@smithy/fetch-http-handler@^5.0.0", "@smithy/fetch-http-handler@^5.0.1":
  version "5.0.1"
  resolved "https://registry.yarnpkg.com/@smithy/fetch-http-handler/-/fetch-http-handler-5.0.1.tgz#8463393442ca6a1644204849e42c386066f0df79"
  integrity sha512-3aS+fP28urrMW2KTjb6z9iFow6jO8n3MFfineGbndvzGZit3taZhKWtTorf+Gp5RpFDDafeHlhfsGlDCXvUnJA==
  dependencies:
    "@smithy/protocol-http" "^5.0.1"
    "@smithy/querystring-builder" "^4.0.1"
    "@smithy/types" "^4.1.0"
    "@smithy/util-base64" "^4.0.0"
    tslib "^2.6.2"

"@smithy/hash-node@^4.0.0", "@smithy/hash-node@^4.0.1":
  version "4.0.1"
  resolved "https://registry.yarnpkg.com/@smithy/hash-node/-/hash-node-4.0.1.tgz#ce78fc11b848a4f47c2e1e7a07fb6b982d2f130c"
  integrity sha512-TJ6oZS+3r2Xu4emVse1YPB3Dq3d8RkZDKcPr71Nj/lJsdAP1c7oFzYqEn1IBc915TsgLl2xIJNuxCz+gLbLE0w==
  dependencies:
    "@smithy/types" "^4.1.0"
    "@smithy/util-buffer-from" "^4.0.0"
    "@smithy/util-utf8" "^4.0.0"
    tslib "^2.6.2"

"@smithy/invalid-dependency@^4.0.0", "@smithy/invalid-dependency@^4.0.1":
  version "4.0.1"
  resolved "https://registry.yarnpkg.com/@smithy/invalid-dependency/-/invalid-dependency-4.0.1.tgz#704d1acb6fac105558c17d53f6d55da6b0d6b6fc"
  integrity sha512-gdudFPf4QRQ5pzj7HEnu6FhKRi61BfH/Gk5Yf6O0KiSbr1LlVhgjThcvjdu658VE6Nve8vaIWB8/fodmS1rBPQ==
  dependencies:
    "@smithy/types" "^4.1.0"
    tslib "^2.6.2"

"@smithy/is-array-buffer@^2.2.0":
  version "2.2.0"
  resolved "https://registry.yarnpkg.com/@smithy/is-array-buffer/-/is-array-buffer-2.2.0.tgz#f84f0d9f9a36601a9ca9381688bd1b726fd39111"
  integrity sha512-GGP3O9QFD24uGeAXYUjwSTXARoqpZykHadOmA8G5vfJPK0/DC67qa//0qvqrJzL1xc8WQWX7/yc7fwudjPHPhA==
  dependencies:
    tslib "^2.6.2"

"@smithy/is-array-buffer@^4.0.0":
  version "4.0.0"
  resolved "https://registry.yarnpkg.com/@smithy/is-array-buffer/-/is-array-buffer-4.0.0.tgz#55a939029321fec462bcc574890075cd63e94206"
  integrity sha512-saYhF8ZZNoJDTvJBEWgeBccCg+yvp1CX+ed12yORU3NilJScfc6gfch2oVb4QgxZrGUx3/ZJlb+c/dJbyupxlw==
  dependencies:
    tslib "^2.6.2"

"@smithy/middleware-content-length@^4.0.0", "@smithy/middleware-content-length@^4.0.1":
  version "4.0.1"
  resolved "https://registry.yarnpkg.com/@smithy/middleware-content-length/-/middleware-content-length-4.0.1.tgz#378bc94ae623f45e412fb4f164b5bb90b9de2ba3"
  integrity sha512-OGXo7w5EkB5pPiac7KNzVtfCW2vKBTZNuCctn++TTSOMpe6RZO/n6WEC1AxJINn3+vWLKW49uad3lo/u0WJ9oQ==
  dependencies:
    "@smithy/protocol-http" "^5.0.1"
    "@smithy/types" "^4.1.0"
    tslib "^2.6.2"

"@smithy/middleware-endpoint@^4.0.0", "@smithy/middleware-endpoint@^4.0.5":
  version "4.0.5"
  resolved "https://registry.yarnpkg.com/@smithy/middleware-endpoint/-/middleware-endpoint-4.0.5.tgz#b3d58c0a44b5dcccb1da34267b6f651bc1ba7642"
  integrity sha512-cPzGZV7qStHwboFrm6GfrzQE+YDiCzWcTh4+7wKrP/ZQ4gkw+r7qDjV8GjM4N0UYsuUyLfpzLGg5hxsYTU11WA==
  dependencies:
    "@smithy/core" "^3.1.4"
    "@smithy/middleware-serde" "^4.0.2"
    "@smithy/node-config-provider" "^4.0.1"
    "@smithy/shared-ini-file-loader" "^4.0.1"
    "@smithy/types" "^4.1.0"
    "@smithy/url-parser" "^4.0.1"
    "@smithy/util-middleware" "^4.0.1"
    tslib "^2.6.2"

"@smithy/middleware-retry@^4.0.0", "@smithy/middleware-retry@^4.0.3":
  version "4.0.6"
  resolved "https://registry.yarnpkg.com/@smithy/middleware-retry/-/middleware-retry-4.0.6.tgz#07f8259dc05835e317aaf37af7e79bae349eabb4"
  integrity sha512-s8QzuOQnbdvRymD9Gt9c9zMq10wUQAHQ3z72uirrBHCwZcLTrL5iCOuVTMdka2IXOYhQE890WD5t6G24+F+Qcg==
  dependencies:
    "@smithy/node-config-provider" "^4.0.1"
    "@smithy/protocol-http" "^5.0.1"
    "@smithy/service-error-classification" "^4.0.1"
    "@smithy/smithy-client" "^4.1.5"
    "@smithy/types" "^4.1.0"
    "@smithy/util-middleware" "^4.0.1"
    "@smithy/util-retry" "^4.0.1"
    tslib "^2.6.2"
    uuid "^9.0.1"

"@smithy/middleware-serde@^4.0.0", "@smithy/middleware-serde@^4.0.1", "@smithy/middleware-serde@^4.0.2":
  version "4.0.2"
  resolved "https://registry.yarnpkg.com/@smithy/middleware-serde/-/middleware-serde-4.0.2.tgz#f792d72f6ad8fa6b172e3f19c6fe1932a856a56d"
  integrity sha512-Sdr5lOagCn5tt+zKsaW+U2/iwr6bI9p08wOkCp6/eL6iMbgdtc2R5Ety66rf87PeohR0ExI84Txz9GYv5ou3iQ==
  dependencies:
    "@smithy/types" "^4.1.0"
    tslib "^2.6.2"

"@smithy/middleware-stack@^4.0.0", "@smithy/middleware-stack@^4.0.1":
  version "4.0.1"
  resolved "https://registry.yarnpkg.com/@smithy/middleware-stack/-/middleware-stack-4.0.1.tgz#c157653f9df07f7c26e32f49994d368e4e071d22"
  integrity sha512-dHwDmrtR/ln8UTHpaIavRSzeIk5+YZTBtLnKwDW3G2t6nAupCiQUvNzNoHBpik63fwUaJPtlnMzXbQrNFWssIA==
  dependencies:
    "@smithy/types" "^4.1.0"
    tslib "^2.6.2"

"@smithy/node-config-provider@^4.0.0", "@smithy/node-config-provider@^4.0.1":
  version "4.0.1"
  resolved "https://registry.yarnpkg.com/@smithy/node-config-provider/-/node-config-provider-4.0.1.tgz#4e84fe665c0774d5f4ebb75144994fc6ebedf86e"
  integrity sha512-8mRTjvCtVET8+rxvmzRNRR0hH2JjV0DFOmwXPrISmTIJEfnCBugpYYGAsCj8t41qd+RB5gbheSQ/6aKZCQvFLQ==
  dependencies:
    "@smithy/property-provider" "^4.0.1"
    "@smithy/shared-ini-file-loader" "^4.0.1"
    "@smithy/types" "^4.1.0"
    tslib "^2.6.2"

"@smithy/node-http-handler@^4.0.0", "@smithy/node-http-handler@^4.0.2":
  version "4.0.2"
  resolved "https://registry.yarnpkg.com/@smithy/node-http-handler/-/node-http-handler-4.0.2.tgz#48d47a046cf900ab86bfbe7f5fd078b52c82fab6"
  integrity sha512-X66H9aah9hisLLSnGuzRYba6vckuFtGE+a5DcHLliI/YlqKrGoxhisD5XbX44KyoeRzoNlGr94eTsMVHFAzPOw==
  dependencies:
    "@smithy/abort-controller" "^4.0.1"
    "@smithy/protocol-http" "^5.0.1"
    "@smithy/querystring-builder" "^4.0.1"
    "@smithy/types" "^4.1.0"
    tslib "^2.6.2"

"@smithy/property-provider@^4.0.0", "@smithy/property-provider@^4.0.1":
  version "4.0.1"
  resolved "https://registry.yarnpkg.com/@smithy/property-provider/-/property-provider-4.0.1.tgz#8d35d5997af2a17cf15c5e921201ef6c5e3fc870"
  integrity sha512-o+VRiwC2cgmk/WFV0jaETGOtX16VNPp2bSQEzu0whbReqE1BMqsP2ami2Vi3cbGVdKu1kq9gQkDAGKbt0WOHAQ==
  dependencies:
    "@smithy/types" "^4.1.0"
    tslib "^2.6.2"

"@smithy/protocol-http@^5.0.0", "@smithy/protocol-http@^5.0.1":
  version "5.0.1"
  resolved "https://registry.yarnpkg.com/@smithy/protocol-http/-/protocol-http-5.0.1.tgz#37c248117b29c057a9adfad4eb1d822a67079ff1"
  integrity sha512-TE4cpj49jJNB/oHyh/cRVEgNZaoPaxd4vteJNB0yGidOCVR0jCw/hjPVsT8Q8FRmj8Bd3bFZt8Dh7xGCT+xMBQ==
  dependencies:
    "@smithy/types" "^4.1.0"
    tslib "^2.6.2"

"@smithy/querystring-builder@^4.0.1":
  version "4.0.1"
  resolved "https://registry.yarnpkg.com/@smithy/querystring-builder/-/querystring-builder-4.0.1.tgz#37e1e05d0d33c6f694088abc3e04eafb65cb6976"
  integrity sha512-wU87iWZoCbcqrwszsOewEIuq+SU2mSoBE2CcsLwE0I19m0B2gOJr1MVjxWcDQYOzHbR1xCk7AcOBbGFUYOKvdg==
  dependencies:
    "@smithy/types" "^4.1.0"
    "@smithy/util-uri-escape" "^4.0.0"
    tslib "^2.6.2"

"@smithy/querystring-parser@^4.0.1":
  version "4.0.1"
  resolved "https://registry.yarnpkg.com/@smithy/querystring-parser/-/querystring-parser-4.0.1.tgz#312dc62b146f8bb8a67558d82d4722bb9211af42"
  integrity sha512-Ma2XC7VS9aV77+clSFylVUnPZRindhB7BbmYiNOdr+CHt/kZNJoPP0cd3QxCnCFyPXC4eybmyE98phEHkqZ5Jw==
  dependencies:
    "@smithy/types" "^4.1.0"
    tslib "^2.6.2"

"@smithy/service-error-classification@^4.0.1":
  version "4.0.1"
  resolved "https://registry.yarnpkg.com/@smithy/service-error-classification/-/service-error-classification-4.0.1.tgz#84e78579af46c7b79c900b6d6cc822c9465f3259"
  integrity sha512-3JNjBfOWpj/mYfjXJHB4Txc/7E4LVq32bwzE7m28GN79+M1f76XHflUaSUkhOriprPDzev9cX/M+dEB80DNDKA==
  dependencies:
    "@smithy/types" "^4.1.0"

"@smithy/shared-ini-file-loader@^4.0.0", "@smithy/shared-ini-file-loader@^4.0.1":
  version "4.0.1"
  resolved "https://registry.yarnpkg.com/@smithy/shared-ini-file-loader/-/shared-ini-file-loader-4.0.1.tgz#d35c21c29454ca4e58914a4afdde68d3b2def1ee"
  integrity sha512-hC8F6qTBbuHRI/uqDgqqi6J0R4GtEZcgrZPhFQnMhfJs3MnUTGSnR1NSJCJs5VWlMydu0kJz15M640fJlRsIOw==
  dependencies:
    "@smithy/types" "^4.1.0"
    tslib "^2.6.2"

"@smithy/signature-v4@^5.0.0":
  version "5.0.1"
  resolved "https://registry.yarnpkg.com/@smithy/signature-v4/-/signature-v4-5.0.1.tgz#f93401b176150286ba246681031b0503ec359270"
  integrity sha512-nCe6fQ+ppm1bQuw5iKoeJ0MJfz2os7Ic3GBjOkLOPtavbD1ONoyE3ygjBfz2ythFWm4YnRm6OxW+8p/m9uCoIA==
  dependencies:
    "@smithy/is-array-buffer" "^4.0.0"
    "@smithy/protocol-http" "^5.0.1"
    "@smithy/types" "^4.1.0"
    "@smithy/util-hex-encoding" "^4.0.0"
    "@smithy/util-middleware" "^4.0.1"
    "@smithy/util-uri-escape" "^4.0.0"
    "@smithy/util-utf8" "^4.0.0"
    tslib "^2.6.2"

"@smithy/smithy-client@^4.0.0", "@smithy/smithy-client@^4.1.2", "@smithy/smithy-client@^4.1.5":
  version "4.1.5"
  resolved "https://registry.yarnpkg.com/@smithy/smithy-client/-/smithy-client-4.1.5.tgz#f4641ad6771f5e4f6de9e573b9deb1787e43ef71"
  integrity sha512-DMXYoYeL4QkElr216n1yodTFeATbfb4jwYM9gKn71Rw/FNA1/Sm36tkTSCsZEs7mgpG3OINmkxL9vgVFzyGPaw==
  dependencies:
    "@smithy/core" "^3.1.4"
    "@smithy/middleware-endpoint" "^4.0.5"
    "@smithy/middleware-stack" "^4.0.1"
    "@smithy/protocol-http" "^5.0.1"
    "@smithy/types" "^4.1.0"
    "@smithy/util-stream" "^4.1.1"
    tslib "^2.6.2"

"@smithy/types@^2.0.2":
  version "2.0.2"
  resolved "https://registry.yarnpkg.com/@smithy/types/-/types-2.0.2.tgz#49d42724c909e845bfd80a2e195740614ce497f3"
  integrity sha512-wcymEjIXQ9+NEfE5Yt5TInAqe1o4n+Nh+rh00AwoazppmUt8tdo6URhc5gkDcOYrcvlDVAZE7uG69nDpEGUKxw==
  dependencies:
    tslib "^2.5.0"

"@smithy/types@^4.0.0", "@smithy/types@^4.1.0":
  version "4.1.0"
  resolved "https://registry.yarnpkg.com/@smithy/types/-/types-4.1.0.tgz#19de0b6087bccdd4182a334eb5d3d2629699370f"
  integrity sha512-enhjdwp4D7CXmwLtD6zbcDMbo6/T6WtuuKCY49Xxc6OMOmUWlBEBDREsxxgV2LIdeQPW756+f97GzcgAwp3iLw==
  dependencies:
    tslib "^2.6.2"

"@smithy/url-parser@^4.0.0", "@smithy/url-parser@^4.0.1":
  version "4.0.1"
  resolved "https://registry.yarnpkg.com/@smithy/url-parser/-/url-parser-4.0.1.tgz#b47743f785f5b8d81324878cbb1b5f834bf8d85a"
  integrity sha512-gPXcIEUtw7VlK8f/QcruNXm7q+T5hhvGu9tl63LsJPZ27exB6dtNwvh2HIi0v7JcXJ5emBxB+CJxwaLEdJfA+g==
  dependencies:
    "@smithy/querystring-parser" "^4.0.1"
    "@smithy/types" "^4.1.0"
    tslib "^2.6.2"

"@smithy/util-base64@^4.0.0":
  version "4.0.0"
  resolved "https://registry.yarnpkg.com/@smithy/util-base64/-/util-base64-4.0.0.tgz#8345f1b837e5f636e5f8470c4d1706ae0c6d0358"
  integrity sha512-CvHfCmO2mchox9kjrtzoHkWHxjHZzaFojLc8quxXY7WAAMAg43nuxwv95tATVgQFNDwd4M9S1qFzj40Ul41Kmg==
  dependencies:
    "@smithy/util-buffer-from" "^4.0.0"
    "@smithy/util-utf8" "^4.0.0"
    tslib "^2.6.2"

"@smithy/util-body-length-browser@^4.0.0":
  version "4.0.0"
  resolved "https://registry.yarnpkg.com/@smithy/util-body-length-browser/-/util-body-length-browser-4.0.0.tgz#965d19109a4b1e5fe7a43f813522cce718036ded"
  integrity sha512-sNi3DL0/k64/LO3A256M+m3CDdG6V7WKWHdAiBBMUN8S3hK3aMPhwnPik2A/a2ONN+9doY9UxaLfgqsIRg69QA==
  dependencies:
    tslib "^2.6.2"

"@smithy/util-body-length-node@^4.0.0":
  version "4.0.0"
  resolved "https://registry.yarnpkg.com/@smithy/util-body-length-node/-/util-body-length-node-4.0.0.tgz#3db245f6844a9b1e218e30c93305bfe2ffa473b3"
  integrity sha512-q0iDP3VsZzqJyje8xJWEJCNIu3lktUGVoSy1KB0UWym2CL1siV3artm+u1DFYTLejpsrdGyCSWBdGNjJzfDPjg==
  dependencies:
    tslib "^2.6.2"

"@smithy/util-buffer-from@^2.2.0":
  version "2.2.0"
  resolved "https://registry.yarnpkg.com/@smithy/util-buffer-from/-/util-buffer-from-2.2.0.tgz#6fc88585165ec73f8681d426d96de5d402021e4b"
  integrity sha512-IJdWBbTcMQ6DA0gdNhh/BwrLkDR+ADW5Kr1aZmd4k3DIF6ezMV4R2NIAmT08wQJ3yUK82thHWmC/TnK/wpMMIA==
  dependencies:
    "@smithy/is-array-buffer" "^2.2.0"
    tslib "^2.6.2"

"@smithy/util-buffer-from@^4.0.0":
  version "4.0.0"
  resolved "https://registry.yarnpkg.com/@smithy/util-buffer-from/-/util-buffer-from-4.0.0.tgz#b23b7deb4f3923e84ef50c8b2c5863d0dbf6c0b9"
  integrity sha512-9TOQ7781sZvddgO8nxueKi3+yGvkY35kotA0Y6BWRajAv8jjmigQ1sBwz0UX47pQMYXJPahSKEKYFgt+rXdcug==
  dependencies:
    "@smithy/is-array-buffer" "^4.0.0"
    tslib "^2.6.2"

"@smithy/util-config-provider@^4.0.0":
  version "4.0.0"
  resolved "https://registry.yarnpkg.com/@smithy/util-config-provider/-/util-config-provider-4.0.0.tgz#e0c7c8124c7fba0b696f78f0bd0ccb060997d45e"
  integrity sha512-L1RBVzLyfE8OXH+1hsJ8p+acNUSirQnWQ6/EgpchV88G6zGBTDPdXiiExei6Z1wR2RxYvxY/XLw6AMNCCt8H3w==
  dependencies:
    tslib "^2.6.2"

"@smithy/util-defaults-mode-browser@^4.0.0", "@smithy/util-defaults-mode-browser@^4.0.3":
  version "4.0.6"
  resolved "https://registry.yarnpkg.com/@smithy/util-defaults-mode-browser/-/util-defaults-mode-browser-4.0.6.tgz#4ee93d8e32c8211709437aa29c5fe616895e7c51"
  integrity sha512-N8+VCt+piupH1A7DgSVDNrVHqRLz8r6DvBkpS7EWHiIxsUk4jqGuQLjqC/gnCzmwGkVBdNruHoYAzzaSQ8e80w==
  dependencies:
    "@smithy/property-provider" "^4.0.1"
    "@smithy/smithy-client" "^4.1.5"
    "@smithy/types" "^4.1.0"
    bowser "^2.11.0"
    tslib "^2.6.2"

"@smithy/util-defaults-mode-node@^4.0.0", "@smithy/util-defaults-mode-node@^4.0.3":
  version "4.0.6"
  resolved "https://registry.yarnpkg.com/@smithy/util-defaults-mode-node/-/util-defaults-mode-node-4.0.6.tgz#213e5b32549beb48aeccbcf99cf56c97db47e70b"
  integrity sha512-9zhx1shd1VwSSVvLZB8CM3qQ3RPD3le7A3h/UPuyh/PC7g4OaWDi2xUNzamsVoSmCGtmUBONl56lM2EU6LcH7A==
  dependencies:
    "@smithy/config-resolver" "^4.0.1"
    "@smithy/credential-provider-imds" "^4.0.1"
    "@smithy/node-config-provider" "^4.0.1"
    "@smithy/property-provider" "^4.0.1"
    "@smithy/smithy-client" "^4.1.5"
    "@smithy/types" "^4.1.0"
    tslib "^2.6.2"

"@smithy/util-endpoints@^3.0.0":
  version "3.0.1"
  resolved "https://registry.yarnpkg.com/@smithy/util-endpoints/-/util-endpoints-3.0.1.tgz#44ccbf1721447966f69496c9003b87daa8f61975"
  integrity sha512-zVdUENQpdtn9jbpD9SCFK4+aSiavRb9BxEtw9ZGUR1TYo6bBHbIoi7VkrFQ0/RwZlzx0wRBaRmPclj8iAoJCLA==
  dependencies:
    "@smithy/node-config-provider" "^4.0.1"
    "@smithy/types" "^4.1.0"
    tslib "^2.6.2"

"@smithy/util-hex-encoding@^4.0.0":
  version "4.0.0"
  resolved "https://registry.yarnpkg.com/@smithy/util-hex-encoding/-/util-hex-encoding-4.0.0.tgz#dd449a6452cffb37c5b1807ec2525bb4be551e8d"
  integrity sha512-Yk5mLhHtfIgW2W2WQZWSg5kuMZCVbvhFmC7rV4IO2QqnZdbEFPmQnCcGMAX2z/8Qj3B9hYYNjZOhWym+RwhePw==
  dependencies:
    tslib "^2.6.2"

"@smithy/util-middleware@^4.0.0", "@smithy/util-middleware@^4.0.1":
  version "4.0.1"
  resolved "https://registry.yarnpkg.com/@smithy/util-middleware/-/util-middleware-4.0.1.tgz#58d363dcd661219298c89fa176a28e98ccc4bf43"
  integrity sha512-HiLAvlcqhbzhuiOa0Lyct5IIlyIz0PQO5dnMlmQ/ubYM46dPInB+3yQGkfxsk6Q24Y0n3/JmcA1v5iEhmOF5mA==
  dependencies:
    "@smithy/types" "^4.1.0"
    tslib "^2.6.2"

"@smithy/util-retry@^4.0.0", "@smithy/util-retry@^4.0.1":
  version "4.0.1"
  resolved "https://registry.yarnpkg.com/@smithy/util-retry/-/util-retry-4.0.1.tgz#fb5f26492383dcb9a09cc4aee23a10f839cd0769"
  integrity sha512-WmRHqNVwn3kI3rKk1LsKcVgPBG6iLTBGC1iYOV3GQegwJ3E8yjzHytPt26VNzOWr1qu0xE03nK0Ug8S7T7oufw==
  dependencies:
    "@smithy/service-error-classification" "^4.0.1"
    "@smithy/types" "^4.1.0"
    tslib "^2.6.2"

"@smithy/util-stream@^4.1.1":
  version "4.1.1"
  resolved "https://registry.yarnpkg.com/@smithy/util-stream/-/util-stream-4.1.1.tgz#d7edec543d65ed335d2fda9aae6a42ee97da4a4e"
  integrity sha512-+Xvh8nhy0Wjv1y71rBVyV3eJU3356XsFQNI8dEZVNrQju7Eib8G31GWtO+zMa9kTCGd41Mflu+ZKfmQL/o2XzQ==
  dependencies:
    "@smithy/fetch-http-handler" "^5.0.1"
    "@smithy/node-http-handler" "^4.0.2"
    "@smithy/types" "^4.1.0"
    "@smithy/util-base64" "^4.0.0"
    "@smithy/util-buffer-from" "^4.0.0"
    "@smithy/util-hex-encoding" "^4.0.0"
    "@smithy/util-utf8" "^4.0.0"
    tslib "^2.6.2"

"@smithy/util-uri-escape@^4.0.0":
  version "4.0.0"
  resolved "https://registry.yarnpkg.com/@smithy/util-uri-escape/-/util-uri-escape-4.0.0.tgz#a96c160c76f3552458a44d8081fade519d214737"
  integrity sha512-77yfbCbQMtgtTylO9itEAdpPXSog3ZxMe09AEhm0dU0NLTalV70ghDZFR+Nfi1C60jnJoh/Re4090/DuZh2Omg==
  dependencies:
    tslib "^2.6.2"

"@smithy/util-utf8@^2.0.0":
  version "2.3.0"
  resolved "https://registry.yarnpkg.com/@smithy/util-utf8/-/util-utf8-2.3.0.tgz#dd96d7640363259924a214313c3cf16e7dd329c5"
  integrity sha512-R8Rdn8Hy72KKcebgLiv8jQcQkXoLMOGGv5uI1/k0l+snqkOzQ1R0ChUBCxWMlBsFMekWjq0wRudIweFs7sKT5A==
  dependencies:
    "@smithy/util-buffer-from" "^2.2.0"
    tslib "^2.6.2"

"@smithy/util-utf8@^4.0.0":
  version "4.0.0"
  resolved "https://registry.yarnpkg.com/@smithy/util-utf8/-/util-utf8-4.0.0.tgz#09ca2d9965e5849e72e347c130f2a29d5c0c863c"
  integrity sha512-b+zebfKCfRdgNJDknHCob3O7FpeYQN6ZG6YLExMcasDHsCXlsXCEuiPZeLnJLpwa5dvPetGlnGCiMHuLwGvFow==
  dependencies:
    "@smithy/util-buffer-from" "^4.0.0"
    tslib "^2.6.2"

"@tsconfig/node18@18.2.4":
  version "18.2.4"
  resolved "https://registry.yarnpkg.com/@tsconfig/node18/-/node18-18.2.4.tgz#094efbdd70f697d37c09f34067bf41bc4a828ae3"
  integrity sha512-5xxU8vVs9/FNcvm3gE07fPbn9tl6tqGGWA9tSlwsUEkBxtRnTsNmwrV8gasZ9F/EobaSv9+nu8AxUKccw77JpQ==

"@types/node@^18.19.69":
  version "18.19.76"
  resolved "https://registry.yarnpkg.com/@types/node/-/node-18.19.76.tgz#7991658e0ba41ad30cc8be01c9bbe580d58f2112"
  integrity sha512-yvR7Q9LdPz2vGpmpJX5LolrgRdWvB67MJKDPSgIIzpFbaf9a1j/f5DnLp5VDyHGMR0QZHlTr1afsD87QCXFHKw==
  dependencies:
    undici-types "~5.26.4"

ansi-regex@^5.0.1:
  version "5.0.1"
  resolved "https://registry.yarnpkg.com/ansi-regex/-/ansi-regex-5.0.1.tgz#082cb2c89c9fe8659a311a53bd6a4dc5301db304"
  integrity sha512-quJQXlTSUGL2LH9SUXo8VwsY4soanhgo6LNSm84E1LBcE8s3O0wpdiRzyR9z/ZZJMlMWv37qOOb9pdJlMUEKFQ==

ansi-styles@^4.0.0, ansi-styles@^4.1.0:
  version "4.3.0"
  resolved "https://registry.yarnpkg.com/ansi-styles/-/ansi-styles-4.3.0.tgz#edd803628ae71c04c85ae7a0906edad34b648937"
  integrity sha512-zbB9rCJAT1rbjiVDb2hqKFHNYLxgtk8NURxZ3IZwD3F6NtxbXZQCnnSi1Lkx+IDohdPlFp222wVALIheZJQSEg==
  dependencies:
    color-convert "^2.0.1"

balanced-match@^1.0.0:
  version "1.0.2"
  resolved "https://registry.yarnpkg.com/balanced-match/-/balanced-match-1.0.2.tgz#e83e3a7e3f300b34cb9d87f615fa0cbf357690ee"
  integrity sha512-3oSeUO0TMV67hN1AmbXsK4yaqU7tjiHlbxRDZOpH0KW9+CeX4bRAaX0Anxt0tx2MrpRpWwQaPwIlISEJhYU5Pw==

bowser@^2.11.0:
  version "2.11.0"
  resolved "https://registry.yarnpkg.com/bowser/-/bowser-2.11.0.tgz#5ca3c35757a7aa5771500c70a73a9f91ef420a8f"
  integrity sha512-AlcaJBi/pqqJBIQ8U9Mcpc9i8Aqxn88Skv5d+xBX006BY5u8N3mGLHa5Lgppa7L/HfwgwLgZ6NYs+Ag6uUmJRA==

brace-expansion@^1.1.7:
  version "1.1.11"
  resolved "https://registry.yarnpkg.com/brace-expansion/-/brace-expansion-1.1.11.tgz#3c7fcbf529d87226f3d2f52b966ff5271eb441dd"
  integrity sha512-iCuPHDFgrHX7H2vEI/5xpz07zSHB00TpugqhmYtVmMO6518mCuRMoOYFldEBl0g187ufozdaHgWKcYFb61qGiA==
  dependencies:
    balanced-match "^1.0.0"
    concat-map "0.0.1"

chalk@^4.1.0:
  version "4.1.2"
  resolved "https://registry.yarnpkg.com/chalk/-/chalk-4.1.2.tgz#aac4e2b7734a740867aeb16bf02aad556a1e7a01"
  integrity sha512-oKnbhFyRIXpUuez8iBMmyEa4nbj4IOQyuhc/wy9kY7/WVPcwIO9VA668Pu8RkO7+0G76SLROeyw9CpQ061i4mA==
  dependencies:
    ansi-styles "^4.1.0"
    supports-color "^7.1.0"

cliui@^7.0.2:
  version "7.0.4"
  resolved "https://registry.yarnpkg.com/cliui/-/cliui-7.0.4.tgz#a0265ee655476fc807aea9df3df8df7783808b4f"
  integrity sha512-OcRE68cOsVMXp1Yvonl/fzkQOyjLSu/8bhPDfQt0e0/Eb283TKP20Fs2MqoPsr9SwA595rRCA+QMzYc9nBP+JQ==
  dependencies:
    string-width "^4.2.0"
    strip-ansi "^6.0.0"
    wrap-ansi "^7.0.0"

color-convert@^2.0.1:
  version "2.0.1"
  resolved "https://registry.yarnpkg.com/color-convert/-/color-convert-2.0.1.tgz#72d3a68d598c9bdb3af2ad1e84f21d896abd4de3"
  integrity sha512-RRECPsj7iu/xb5oKYcsFHSppFNnsj/52OVTRKb4zP5onXwVF3zVmmToNcOfGC+CRDpfK/U584fMg38ZHCaElKQ==
  dependencies:
    color-name "~1.1.4"

color-name@~1.1.4:
  version "1.1.4"
  resolved "https://registry.yarnpkg.com/color-name/-/color-name-1.1.4.tgz#c2a09a87acbde69543de6f63fa3995c826c536a2"
  integrity sha512-dOy+3AuW3a2wNbZHIuMZpTcgjGuLU/uBL/ubcZF9OXbDo8ff4O8yVp5Bf0efS8uEoYo5q4Fx7dY9OgQGXgAsQA==

concat-map@0.0.1:
  version "0.0.1"
  resolved "https://registry.yarnpkg.com/concat-map/-/concat-map-0.0.1.tgz#d8a96bd77fd68df7793a73036a3ba0d5405d477b"
  integrity sha512-/Srv4dswyQNBfohGpz9o6Yb3Gz3SrUDqBH5rTuhGR7ahtlbYKnVxw2bCFMRljaA7EXHaXZ8wsHdodFvbkhKmqg==

concurrently@7.0.0:
  version "7.0.0"
  resolved "https://registry.yarnpkg.com/concurrently/-/concurrently-7.0.0.tgz#78d31b441cec338dab03316c221a2f9a67c529b0"
  integrity sha512-WKM7PUsI8wyXpF80H+zjHP32fsgsHNQfPLw/e70Z5dYkV7hF+rf8q3D+ScWJIEr57CpkO3OWBko6hwhQLPR8Pw==
  dependencies:
    chalk "^4.1.0"
    date-fns "^2.16.1"
    lodash "^4.17.21"
    rxjs "^6.6.3"
    spawn-command "^0.0.2-1"
    supports-color "^8.1.0"
    tree-kill "^1.2.2"
    yargs "^16.2.0"

date-fns@^2.16.1:
  version "2.30.0"
  resolved "https://registry.yarnpkg.com/date-fns/-/date-fns-2.30.0.tgz#f367e644839ff57894ec6ac480de40cae4b0f4d0"
  integrity sha512-fnULvOpxnC5/Vg3NCiWelDsLiUc9bRwAPs/+LfTLNvetFCtCTN+yQz15C/fs4AwX1R9K5GLtLfn8QW+dWisaAw==
  dependencies:
    "@babel/runtime" "^7.21.0"

downlevel-dts@0.10.1:
  version "0.10.1"
  resolved "https://registry.yarnpkg.com/downlevel-dts/-/downlevel-dts-0.10.1.tgz#2f0a09f0e63f43c49da78897edb1bb292c8769cf"
  integrity sha512-bwY63Y0Gfwotcly4vU6rB66m5txvfQzDGd1Gai9E9orqsDIswXKjkdR18Tm6TidnAk9+J5N68a5VMDO2bsQCKQ==
  dependencies:
    semver "^7.3.2"
    shelljs "^0.8.3"
    typescript next

emoji-regex@^8.0.0:
  version "8.0.0"
  resolved "https://registry.yarnpkg.com/emoji-regex/-/emoji-regex-8.0.0.tgz#e818fd69ce5ccfcb404594f842963bf53164cc37"
  integrity sha512-MSjYzcWNOA0ewAHpz0MxpYFvwg6yjy1NG3xteoqz644VCo/RPgnr1/GGt+ic3iJTzQ8Eu3TdM14SawnVUmGE6A==

escalade@^3.1.1:
  version "3.1.1"
  resolved "https://registry.yarnpkg.com/escalade/-/escalade-3.1.1.tgz#d8cfdc7000965c5a0174b4a82eaa5c0552742e40"
  integrity sha512-k0er2gUkLf8O0zKJiAhmkTnJlTvINGv7ygDNPbeIsX/TJjGJZHuh9B2UxbsaEkmlEo9MfhrSzmhIlhRlI2GXnw==

fast-xml-parser@4.4.1:
  version "4.4.1"
  resolved "https://registry.yarnpkg.com/fast-xml-parser/-/fast-xml-parser-4.4.1.tgz#86dbf3f18edf8739326447bcaac31b4ae7f6514f"
  integrity sha512-xkjOecfnKGkSsOwtZ5Pz7Us/T6mrbPQrq0nh+aCO5V9nk5NLWmasAHumTKjiPJPWANe+kAZ84Jc8ooJkzZ88Sw==
  dependencies:
    strnum "^1.0.5"

fs.realpath@^1.0.0:
  version "1.0.0"
  resolved "https://registry.yarnpkg.com/fs.realpath/-/fs.realpath-1.0.0.tgz#1504ad2523158caa40db4a2787cb01411994ea4f"
  integrity sha512-OO0pH2lK6a0hZnAdau5ItzHPI6pUlvI7jMVnxUQRtw4owF2wk8lOSabtGDCTP4Ggrg2MbGnWO9X8K1t4+fGMDw==

function-bind@^1.1.1:
  version "1.1.1"
  resolved "https://registry.yarnpkg.com/function-bind/-/function-bind-1.1.1.tgz#a56899d3ea3c9bab874bb9773b7c5ede92f4895d"
  integrity sha512-yIovAzMX49sF8Yl58fSCWJ5svSLuaibPxXQJFLmBObTuCr0Mf1KiPopGM9NiFjiYBCbfaa2Fh6breQ6ANVTI0A==

get-caller-file@^2.0.5:
  version "2.0.5"
  resolved "https://registry.yarnpkg.com/get-caller-file/-/get-caller-file-2.0.5.tgz#4f94412a82db32f36e3b0b9741f8a97feb031f7e"
  integrity sha512-DyFP3BM/3YHTQOCUL/w0OZHR0lpKeGrxotcHWcqNEdnltqFwXVfhEBQ94eIo34AfQpo0rGki4cyIiftY06h2Fg==

glob@^7.0.0, glob@^7.1.3:
  version "7.2.3"
  resolved "https://registry.yarnpkg.com/glob/-/glob-7.2.3.tgz#b8df0fb802bbfa8e89bd1d938b4e16578ed44f2b"
  integrity sha512-nFR0zLpU2YCaRxwoCJvL6UvCH2JFyFVIvwTLsIf21AuHlMskA1hhTdk+LlYJtOlYt9v6dvszD2BGRqBL+iQK9Q==
  dependencies:
    fs.realpath "^1.0.0"
    inflight "^1.0.4"
    inherits "2"
    minimatch "^3.1.1"
    once "^1.3.0"
    path-is-absolute "^1.0.0"

has-flag@^4.0.0:
  version "4.0.0"
  resolved "https://registry.yarnpkg.com/has-flag/-/has-flag-4.0.0.tgz#944771fd9c81c81265c4d6941860da06bb59479b"
  integrity sha512-EykJT/Q1KjTWctppgIAgfSO0tKVuZUjhgMr17kqTumMl6Afv3EISleU7qZUzoXDFTAHTDC4NOoG/ZxU3EvlMPQ==

has@^1.0.3:
  version "1.0.3"
  resolved "https://registry.yarnpkg.com/has/-/has-1.0.3.tgz#722d7cbfc1f6aa8241f16dd814e011e1f41e8796"
  integrity sha512-f2dvO0VU6Oej7RkWJGrehjbzMAjFp5/VKPp5tTpWIV4JHHZK1/BxbFRtf/siA2SWTe09caDmVtYYzWEIbBS4zw==
  dependencies:
    function-bind "^1.1.1"

inflight@^1.0.4:
  version "1.0.6"
  resolved "https://registry.yarnpkg.com/inflight/-/inflight-1.0.6.tgz#49bd6331d7d02d0c09bc910a1075ba8165b56df9"
  integrity sha512-k92I/b08q4wvFscXCLvqfsHCrjrF7yiXsQuIVvVE7N82W3+aqpzuUdBbfhWcy/FZR3/4IgflMgKLOsvPDrGCJA==
  dependencies:
    once "^1.3.0"
    wrappy "1"

inherits@2:
  version "2.0.4"
  resolved "https://registry.yarnpkg.com/inherits/-/inherits-2.0.4.tgz#0fa2c64f932917c3433a0ded55363aae37416b7c"
  integrity sha512-k/vGaX4/Yla3WzyMCvTQOXYeIHvqOKtnqBduzTHpzpQZzAskKMhZ2K+EnBiSM9zGSoIFeMpXKxa4dYeZIQqewQ==

interpret@^1.0.0:
  version "1.4.0"
  resolved "https://registry.yarnpkg.com/interpret/-/interpret-1.4.0.tgz#665ab8bc4da27a774a40584e812e3e0fa45b1a1e"
  integrity sha512-agE4QfB2Lkp9uICn7BAqoscw4SZP9kTE2hxiFI3jBPmXJfdqiahTbUuKGsMoN2GtqL9AxhYioAcVvgsb1HvRbA==

is-core-module@^2.13.0:
  version "2.13.0"
  resolved "https://registry.yarnpkg.com/is-core-module/-/is-core-module-2.13.0.tgz#bb52aa6e2cbd49a30c2ba68c42bf3435ba6072db"
  integrity sha512-Z7dk6Qo8pOCp3l4tsX2C5ZVas4V+UxwQodwZhLopL91TX8UyyHEXafPcyoeeWuLrwzHcr3igO78wNLwHJHsMCQ==
  dependencies:
    has "^1.0.3"

is-fullwidth-code-point@^3.0.0:
  version "3.0.0"
  resolved "https://registry.yarnpkg.com/is-fullwidth-code-point/-/is-fullwidth-code-point-3.0.0.tgz#f116f8064fe90b3f7844a38997c0b75051269f1d"
  integrity sha512-zymm5+u+sCsSWyD9qNaejV3DFvhCKclKdizYaJUuHA83RLjb7nSuGnddCHGv0hk+KY7BMAlsWeK4Ueg6EV6XQg==

lodash@^4.17.21:
  version "4.17.21"
  resolved "https://registry.yarnpkg.com/lodash/-/lodash-4.17.21.tgz#679591c564c3bffaae8454cf0b3df370c3d6911c"
  integrity sha512-v2kDEe57lecTulaDIuNTPy3Ry4gLGJ6Z1O3vE1krgXZNrsQ+LFTGHVxVjcXPs17LhbZVGedAJv8XZ1tvj5FvSg==

lru-cache@^6.0.0:
  version "6.0.0"
  resolved "https://registry.yarnpkg.com/lru-cache/-/lru-cache-6.0.0.tgz#6d6fe6570ebd96aaf90fcad1dafa3b2566db3a94"
  integrity sha512-Jo6dJ04CmSjuznwJSS3pUeWmd/H0ffTlkXXgwZi+eq1UCmqQwCh+eLsYOYCwY991i2Fah4h1BEMCx4qThGbsiA==
  dependencies:
    yallist "^4.0.0"

minimatch@^3.1.1:
  version "3.1.2"
  resolved "https://registry.yarnpkg.com/minimatch/-/minimatch-3.1.2.tgz#19cd194bfd3e428f049a70817c038d89ab4be35b"
  integrity sha512-J7p63hRiAjw1NDEww1W7i37+ByIrOWO5XQQAzZ3VOcL0PNybwpfmV/N05zFAzwQ9USyEcX6t3UO+K5aqBQOIHw==
  dependencies:
    brace-expansion "^1.1.7"

once@^1.3.0:
  version "1.4.0"
  resolved "https://registry.yarnpkg.com/once/-/once-1.4.0.tgz#583b1aa775961d4b113ac17d9c50baef9dd76bd1"
  integrity sha512-lNaJgI+2Q5URQBkccEKHTQOPaXdUxnZZElQTZY0MFUAuaEqe1E+Nyvgdz/aIyNi6Z9MzO5dv1H8n58/GELp3+w==
  dependencies:
    wrappy "1"

path-is-absolute@^1.0.0:
  version "1.0.1"
  resolved "https://registry.yarnpkg.com/path-is-absolute/-/path-is-absolute-1.0.1.tgz#174b9268735534ffbc7ace6bf53a5a9e1b5c5f5f"
  integrity sha512-AVbw3UJ2e9bq64vSaS9Am0fje1Pa8pbGqTTsmXfaIiMpnr5DlDhfJOuLj9Sf95ZPVDAUerDfEk88MPmPe7UCQg==

path-parse@^1.0.7:
  version "1.0.7"
  resolved "https://registry.yarnpkg.com/path-parse/-/path-parse-1.0.7.tgz#fbc114b60ca42b30d9daf5858e4bd68bbedb6735"
  integrity sha512-LDJzPVEEEPR+y48z93A0Ed0yXb8pAByGWo/k5YYdYgpY2/2EsOsksJrq7lOHxryrVOn1ejG6oAp8ahvOIQD8sw==

rechoir@^0.6.2:
  version "0.6.2"
  resolved "https://registry.yarnpkg.com/rechoir/-/rechoir-0.6.2.tgz#85204b54dba82d5742e28c96756ef43af50e3384"
  integrity sha512-HFM8rkZ+i3zrV+4LQjwQ0W+ez98pApMGM3HUrN04j3CqzPOzl9nmP15Y8YXNm8QHGv/eacOVEjqhmWpkRV0NAw==
  dependencies:
    resolve "^1.1.6"

regenerator-runtime@^0.13.11:
  version "0.13.11"
  resolved "https://registry.yarnpkg.com/regenerator-runtime/-/regenerator-runtime-0.13.11.tgz#f6dca3e7ceec20590d07ada785636a90cdca17f9"
  integrity sha512-kY1AZVr2Ra+t+piVaJ4gxaFaReZVH40AKNo7UCX6W+dEwBo/2oZJzqfuN1qLq1oL45o56cPaTXELwrTh8Fpggg==

require-directory@^2.1.1:
  version "2.1.1"
  resolved "https://registry.yarnpkg.com/require-directory/-/require-directory-2.1.1.tgz#8c64ad5fd30dab1c976e2344ffe7f792a6a6df42"
  integrity sha512-fGxEI7+wsG9xrvdjsrlmL22OMTTiHRwAMroiEeMgq8gzoLC/PQr7RsRDSTLUg/bZAZtF+TVIkHc6/4RIKrui+Q==

resolve@^1.1.6:
  version "1.22.4"
  resolved "https://registry.yarnpkg.com/resolve/-/resolve-1.22.4.tgz#1dc40df46554cdaf8948a486a10f6ba1e2026c34"
  integrity sha512-PXNdCiPqDqeUou+w1C2eTQbNfxKSuMxqTCuvlmmMsk1NWHL5fRrhY6Pl0qEYYc6+QqGClco1Qj8XnjPego4wfg==
  dependencies:
    is-core-module "^2.13.0"
    path-parse "^1.0.7"
    supports-preserve-symlinks-flag "^1.0.0"

rimraf@^3.0.0:
  version "3.0.2"
  resolved "https://registry.yarnpkg.com/rimraf/-/rimraf-3.0.2.tgz#f1a5402ba6220ad52cc1282bac1ae3aa49fd061a"
  integrity sha512-JZkJMZkAGFFPP2YqXZXPbMlMBgsxzE8ILs4lMIX/2o0L9UBw9O/Y3o6wFw/i9YLapcUJWwqbi3kdxIPdC62TIA==
  dependencies:
    glob "^7.1.3"

rxjs@^6.6.3:
  version "6.6.7"
  resolved "https://registry.yarnpkg.com/rxjs/-/rxjs-6.6.7.tgz#90ac018acabf491bf65044235d5863c4dab804c9"
  integrity sha512-hTdwr+7yYNIT5n4AMYp85KA6yw2Va0FLa3Rguvbpa4W3I5xynaBZo41cM3XM+4Q6fRMj3sBYIR1VAmZMXYJvRQ==
  dependencies:
    tslib "^1.9.0"

semver@^7.3.2:
  version "7.5.4"
  resolved "https://registry.yarnpkg.com/semver/-/semver-7.5.4.tgz#483986ec4ed38e1c6c48c34894a9182dbff68a6e"
  integrity sha512-1bCSESV6Pv+i21Hvpxp3Dx+pSD8lIPt8uVjRrxAUt/nbswYc+tK6Y2btiULjd4+fnq15PX+nqQDC7Oft7WkwcA==
  dependencies:
    lru-cache "^6.0.0"

shelljs@^0.8.3:
  version "0.8.5"
  resolved "https://registry.yarnpkg.com/shelljs/-/shelljs-0.8.5.tgz#de055408d8361bed66c669d2f000538ced8ee20c"
  integrity sha512-TiwcRcrkhHvbrZbnRcFYMLl30Dfov3HKqzp5tO5b4pt6G/SezKcYhmDg15zXVBswHmctSAQKznqNW2LO5tTDow==
  dependencies:
    glob "^7.0.0"
    interpret "^1.0.0"
    rechoir "^0.6.2"

spawn-command@^0.0.2-1:
  version "0.0.2-1"
  resolved "https://registry.yarnpkg.com/spawn-command/-/spawn-command-0.0.2-1.tgz#62f5e9466981c1b796dc5929937e11c9c6921bd0"
  integrity sha512-n98l9E2RMSJ9ON1AKisHzz7V42VDiBQGY6PB1BwRglz99wpVsSuGzQ+jOi6lFXBGVTCrRpltvjm+/XA+tpeJrg==

string-width@^4.1.0, string-width@^4.2.0:
  version "4.2.3"
  resolved "https://registry.yarnpkg.com/string-width/-/string-width-4.2.3.tgz#269c7117d27b05ad2e536830a8ec895ef9c6d010"
  integrity sha512-wKyQRQpjJ0sIp62ErSZdGsjMJWsap5oRNihHhu6G7JVO/9jIB6UyevL+tXuOqrng8j/cxKTWyWUwvSTriiZz/g==
  dependencies:
    emoji-regex "^8.0.0"
    is-fullwidth-code-point "^3.0.0"
    strip-ansi "^6.0.1"

strip-ansi@^6.0.0, strip-ansi@^6.0.1:
  version "6.0.1"
  resolved "https://registry.yarnpkg.com/strip-ansi/-/strip-ansi-6.0.1.tgz#9e26c63d30f53443e9489495b2105d37b67a85d9"
  integrity sha512-Y38VPSHcqkFrCpFnQ9vuSXmquuv5oXOKpGeT6aGrr3o3Gc9AlVa6JBfUSOCnbxGGZF+/0ooI7KrPuUSztUdU5A==
  dependencies:
    ansi-regex "^5.0.1"

strnum@^1.0.5:
  version "1.0.5"
  resolved "https://registry.yarnpkg.com/strnum/-/strnum-1.0.5.tgz#5c4e829fe15ad4ff0d20c3db5ac97b73c9b072db"
  integrity sha512-J8bbNyKKXl5qYcR36TIO8W3mVGVHrmmxsd5PAItGkmyzwJvybiw2IVq5nqd0i4LSNSkB/sx9VHllbfFdr9k1JA==

supports-color@^7.1.0:
  version "7.2.0"
  resolved "https://registry.yarnpkg.com/supports-color/-/supports-color-7.2.0.tgz#1b7dcdcb32b8138801b3e478ba6a51caa89648da"
  integrity sha512-qpCAvRl9stuOHveKsn7HncJRvv501qIacKzQlO/+Lwxc9+0q2wLyv4Dfvt80/DPn2pqOBsJdDiogXGR9+OvwRw==
  dependencies:
    has-flag "^4.0.0"

supports-color@^8.1.0:
  version "8.1.1"
  resolved "https://registry.yarnpkg.com/supports-color/-/supports-color-8.1.1.tgz#cd6fc17e28500cff56c1b86c0a7fd4a54a73005c"
  integrity sha512-MpUEN2OodtUzxvKQl72cUF7RQ5EiHsGvSsVG0ia9c5RbWGL2CI4C7EpPS8UTBIplnlzZiNuV56w+FuNxy3ty2Q==
  dependencies:
    has-flag "^4.0.0"

supports-preserve-symlinks-flag@^1.0.0:
  version "1.0.0"
  resolved "https://registry.yarnpkg.com/supports-preserve-symlinks-flag/-/supports-preserve-symlinks-flag-1.0.0.tgz#6eda4bd344a3c94aea376d4cc31bc77311039e09"
  integrity sha512-ot0WnXS9fgdkgIcePe6RHNk1WA8+muPa6cSjeR3V8K27q9BB1rTE3R1p7Hv0z1ZyAc8s6Vvv8DIyWf681MAt0w==

tree-kill@^1.2.2:
  version "1.2.2"
  resolved "https://registry.yarnpkg.com/tree-kill/-/tree-kill-1.2.2.tgz#4ca09a9092c88b73a7cdc5e8a01b507b0790a0cc"
  integrity sha512-L0Orpi8qGpRG//Nd+H90vFB+3iHnue1zSSGmNOOCh1GLJ7rUKVwV2HvijphGQS2UmhUZewS9VgvxYIdgr+fG1A==

tslib@^1.9.0:
  version "1.14.1"
  resolved "https://registry.yarnpkg.com/tslib/-/tslib-1.14.1.tgz#cf2d38bdc34a134bcaf1091c41f6619e2f672d00"
  integrity sha512-Xni35NKzjgMrwevysHTCArtLDpPvye8zV/0E4EyYn43P7/7qvQwPh9BGkHewbMulVntbigmcT7rdX3BNo9wRJg==

tslib@^2.5.0:
  version "2.6.1"
  resolved "https://registry.yarnpkg.com/tslib/-/tslib-2.6.1.tgz#fd8c9a0ff42590b25703c0acb3de3d3f4ede0410"
  integrity sha512-t0hLfiEKfMUoqhG+U1oid7Pva4bbDPHYfJNiB7BiIjRkj1pyC++4N3huJfqY6aRH6VTB0rvtzQwjM4K6qpfOig==

tslib@^2.6.2:
  version "2.6.2"
  resolved "https://registry.yarnpkg.com/tslib/-/tslib-2.6.2.tgz#703ac29425e7b37cd6fd456e92404d46d1f3e4ae"
  integrity sha512-AEYxH93jGFPn/a2iVAwW87VuUIkR1FVUKB77NwMF7nBTDkDrrT/Hpt/IrCJ0QXhW27jTBDcf5ZY7w6RiqTMw2Q==

typescript@next:
  version "5.2.0-dev.20230805"
  resolved "https://registry.yarnpkg.com/typescript/-/typescript-5.2.0-dev.20230805.tgz#268b16daef756e046afb3cde7909a28805711b4a"
  integrity sha512-7WQVs+Bx10F/0wuAO6+4raW6bvWnZ723Hrm6RdTof2L8dO0vsUDdxg0gpoEHL1tJ+Z3llQ8bOdxpliBVevvofQ==

typescript@~5.2.2:
  version "5.2.2"
  resolved "https://registry.yarnpkg.com/typescript/-/typescript-5.2.2.tgz#5ebb5e5a5b75f085f22bc3f8460fba308310fa78"
  integrity sha512-mI4WrpHsbCIcwT9cF4FZvr80QUeKvsUsUvKDoR+X/7XHQH98xYD8YHZg7ANtz2GtZt/CBq2QJ0thkGJMHfqc1w==

undici-types@~5.26.4:
  version "5.26.5"
  resolved "https://registry.yarnpkg.com/undici-types/-/undici-types-5.26.5.tgz#bcd539893d00b56e964fd2657a4866b221a65617"
  integrity sha512-JlCMO+ehdEIKqlFxk6IfVoAUVmgz7cU7zD/h9XZ0qzeosSHmUJVOzSQvvYSYWXkFXC+IfLKSIffhv0sVZup6pA==

uuid@^9.0.1:
  version "9.0.1"
  resolved "https://registry.yarnpkg.com/uuid/-/uuid-9.0.1.tgz#e188d4c8853cc722220392c424cd637f32293f30"
  integrity sha512-b+1eJOlsR9K8HJpow9Ok3fiWOWSIcIzXodvv0rQjVoOVNpWMpxf1wZNpt4y9h10odCNrqnYp1OBzRktckBe3sA==

wrap-ansi@^7.0.0:
  version "7.0.0"
  resolved "https://registry.yarnpkg.com/wrap-ansi/-/wrap-ansi-7.0.0.tgz#67e145cff510a6a6984bdf1152911d69d2eb9e43"
  integrity sha512-YVGIj2kamLSTxw6NsZjoBxfSwsn0ycdesmc4p+Q21c5zPuZ1pl+NfxVdxPtdHvmNVOQ6XSYG4AUtyt/Fi7D16Q==
  dependencies:
    ansi-styles "^4.0.0"
    string-width "^4.1.0"
    strip-ansi "^6.0.0"

wrappy@1:
  version "1.0.2"
  resolved "https://registry.yarnpkg.com/wrappy/-/wrappy-1.0.2.tgz#b5243d8f3ec1aa35f1364605bc0d1036e30ab69f"
  integrity sha512-l4Sp/DRseor9wL6EvV2+TuQn63dMkPjZ/sp9XkghTEbV9KlPS1xUsZ3u7/IQO4wxtcFB4bgpQPRcR3QCvezPcQ==

y18n@^5.0.5:
  version "5.0.8"
  resolved "https://registry.yarnpkg.com/y18n/-/y18n-5.0.8.tgz#7f4934d0f7ca8c56f95314939ddcd2dd91ce1d55"
  integrity sha512-0pfFzegeDWJHJIAmTLRP2DwHjdF5s7jo9tuztdQxAhINCdvS+3nGINqPd00AphqJR/0LhANUS6/+7SCb98YOfA==

yallist@^4.0.0:
  version "4.0.0"
  resolved "https://registry.yarnpkg.com/yallist/-/yallist-4.0.0.tgz#9bb92790d9c0effec63be73519e11a35019a3a72"
  integrity sha512-3wdGidZyq5PB084XLES5TpOSRA3wjXAlIWMhum2kRcv/41Sn2emQ0dycQW4uZXLejwKvg6EsvbdlVL+FYEct7A==

yargs-parser@^20.2.2:
  version "20.2.9"
  resolved "https://registry.yarnpkg.com/yargs-parser/-/yargs-parser-20.2.9.tgz#2eb7dc3b0289718fc295f362753845c41a0c94ee"
  integrity sha512-y11nGElTIV+CT3Zv9t7VKl+Q3hTQoT9a1Qzezhhl6Rp21gJ/IVTW7Z3y9EWXhuUBC2Shnf+DX0antecpAwSP8w==

yargs@^16.2.0:
  version "16.2.0"
  resolved "https://registry.yarnpkg.com/yargs/-/yargs-16.2.0.tgz#1c82bf0f6b6a66eafce7ef30e376f49a12477f66"
  integrity sha512-D1mvvtDG0L5ft/jGWkLpG1+m0eQxOfaBvTNELraWj22wSVUMWxZUvYgJYcKh6jGGIkJFhH4IZPQhR4TKpc8mBw==
  dependencies:
    cliui "^7.0.2"
    escalade "^3.1.1"
    get-caller-file "^2.0.5"
    require-directory "^2.1.1"
    string-width "^4.2.0"
    y18n "^5.0.5"
    yargs-parser "^20.2.2"
