# THIS IS AN AUTOGENERATED FILE. DO NOT EDIT THIS FILE DIRECTLY.
# yarn lockfile v1


"@aws-crypto/ie11-detection@^3.0.0":
  version "3.0.0"
  resolved "https://registry.yarnpkg.com/@aws-crypto/ie11-detection/-/ie11-detection-3.0.0.tgz#640ae66b4ec3395cee6a8e94ebcd9f80c24cd688"
  integrity sha512-341lBBkiY1DfDNKai/wXM3aujNBkXR7tq1URPQDL9wi3AUbI80NR74uF1TXHMm7po1AcnFk8iu2S2IeU/+/A+Q==
  dependencies:
    tslib "^1.11.1"

"@aws-crypto/sha256-browser@3.0.0":
  version "3.0.0"
  resolved "https://registry.yarnpkg.com/@aws-crypto/sha256-browser/-/sha256-browser-3.0.0.tgz#05f160138ab893f1c6ba5be57cfd108f05827766"
  integrity sha512-8VLmW2B+gjFbU5uMeqtQM6Nj0/F1bro80xQXCW6CQBWgosFWXTx77aeOF5CAIAmbOK64SdMBJdNr6J41yP5mvQ==
  dependencies:
    "@aws-crypto/ie11-detection" "^3.0.0"
    "@aws-crypto/sha256-js" "^3.0.0"
    "@aws-crypto/supports-web-crypto" "^3.0.0"
    "@aws-crypto/util" "^3.0.0"
    "@aws-sdk/types" "^3.222.0"
    "@aws-sdk/util-locate-window" "^3.0.0"
    "@aws-sdk/util-utf8-browser" "^3.0.0"
    tslib "^1.11.1"

"@aws-crypto/sha256-js@3.0.0", "@aws-crypto/sha256-js@^3.0.0":
  version "3.0.0"
  resolved "https://registry.yarnpkg.com/@aws-crypto/sha256-js/-/sha256-js-3.0.0.tgz#f06b84d550d25521e60d2a0e2a90139341e007c2"
  integrity sha512-PnNN7os0+yd1XvXAy23CFOmTbMaDxgxXtTKHybrJ39Y8kGzBATgBFibWJKH6BhytLI/Zyszs87xCOBNyBig6vQ==
  dependencies:
    "@aws-crypto/util" "^3.0.0"
    "@aws-sdk/types" "^3.222.0"
    tslib "^1.11.1"

"@aws-crypto/supports-web-crypto@^3.0.0":
  version "3.0.0"
  resolved "https://registry.yarnpkg.com/@aws-crypto/supports-web-crypto/-/supports-web-crypto-3.0.0.tgz#5d1bf825afa8072af2717c3e455f35cda0103ec2"
  integrity sha512-06hBdMwUAb2WFTuGG73LSC0wfPu93xWwo5vL2et9eymgmu3Id5vFAHBbajVWiGhPO37qcsdCap/FqXvJGJWPIg==
  dependencies:
    tslib "^1.11.1"

"@aws-crypto/util@^3.0.0":
  version "3.0.0"
  resolved "https://registry.yarnpkg.com/@aws-crypto/util/-/util-3.0.0.tgz#1c7ca90c29293f0883468ad48117937f0fe5bfb0"
  integrity sha512-2OJlpeJpCR48CC8r+uKVChzs9Iungj9wkZrl8Z041DWEWvyIHILYKCPNzJghKsivj+S3mLo6BVc7mBNzdxA46w==
  dependencies:
    "@aws-sdk/types" "^3.222.0"
    "@aws-sdk/util-utf8-browser" "^3.0.0"
    tslib "^1.11.1"

"@aws-sdk/core@3.582.0":
  version "3.582.0"
  resolved "https://registry.yarnpkg.com/@aws-sdk/core/-/core-3.582.0.tgz#9ebb295290cba3d68738401fe4e3d51dfb0d1bfc"
  integrity sha512-ofmD96IQc9g1dbyqlCyxu5fCG7kIl9p1NoN5+vGBUyLdbmPCV3Pdg99nRHYEJuv2MgGx5AUFGDPMHcqbJpnZIw==
  dependencies:
    "@smithy/core" "^2.0.1"
    "@smithy/protocol-http" "^4.0.0"
    "@smithy/signature-v4" "^3.0.0"
    "@smithy/smithy-client" "^3.0.1"
    "@smithy/types" "^3.0.0"
    fast-xml-parser "4.2.5"
    tslib "^2.6.2"

"@aws-sdk/middleware-host-header@3.577.0":
  version "3.577.0"
  resolved "https://registry.yarnpkg.com/@aws-sdk/middleware-host-header/-/middleware-host-header-3.577.0.tgz#a3fc626d409ec850296740478c64ef5806d8b878"
  integrity sha512-9ca5MJz455CODIVXs0/sWmJm7t3QO4EUa1zf8pE8grLpzf0J94bz/skDWm37Pli13T3WaAQBHCTiH2gUVfCsWg==
  dependencies:
    "@aws-sdk/types" "3.577.0"
    "@smithy/protocol-http" "^4.0.0"
    "@smithy/types" "^3.0.0"
    tslib "^2.6.2"

"@aws-sdk/middleware-logger@3.577.0":
  version "3.577.0"
  resolved "https://registry.yarnpkg.com/@aws-sdk/middleware-logger/-/middleware-logger-3.577.0.tgz#6da3b13ae284fb3930961f0fc8e20b1f6cf8be30"
  integrity sha512-aPFGpGjTZcJYk+24bg7jT4XdIp42mFXSuPt49lw5KygefLyJM/sB0bKKqPYYivW0rcuZ9brQ58eZUNthrzYAvg==
  dependencies:
    "@aws-sdk/types" "3.577.0"
    "@smithy/types" "^3.0.0"
    tslib "^2.6.2"

"@aws-sdk/middleware-recursion-detection@3.577.0":
  version "3.577.0"
  resolved "https://registry.yarnpkg.com/@aws-sdk/middleware-recursion-detection/-/middleware-recursion-detection-3.577.0.tgz#fff76abc6d4521636f9e654ce5bf2c4c79249417"
  integrity sha512-pn3ZVEd2iobKJlR3H+bDilHjgRnNrQ6HMmK9ZzZw89Ckn3Dcbv48xOv4RJvu0aU8SDLl/SNCxppKjeLDTPGBNA==
  dependencies:
    "@aws-sdk/types" "3.577.0"
    "@smithy/protocol-http" "^4.0.0"
    "@smithy/types" "^3.0.0"
    tslib "^2.6.2"

"@aws-sdk/middleware-token@3.577.0":
  version "3.577.0"
  resolved "https://registry.yarnpkg.com/@aws-sdk/middleware-token/-/middleware-token-3.577.0.tgz#1afd28cd44da0974dd680ca72c10473ba47c8986"
  integrity sha512-rXS6HAoAQzDCLpFye18mCt9NVgXzN9Qdbhjl9crJ5qzpE2dd3COM1htQ4rA34P2+YeTHXMeeMugPyXIw3oy7GA==
  dependencies:
    "@aws-sdk/token-providers" "3.577.0"
    "@aws-sdk/types" "3.577.0"
    "@smithy/property-provider" "^3.0.0"
    "@smithy/protocol-http" "^4.0.0"
    "@smithy/types" "^3.0.0"
    "@smithy/util-middleware" "^3.0.0"
    tslib "^2.6.2"

"@aws-sdk/middleware-user-agent@3.583.0":
  version "3.583.0"
  resolved "https://registry.yarnpkg.com/@aws-sdk/middleware-user-agent/-/middleware-user-agent-3.583.0.tgz#5554b0de431cb3700368f01eb7425210fd3ee9a9"
  integrity sha512-xVNXXXDWvBVI/AeVtSdA9SVumqxiZaESk/JpUn9GMkmtTKfter0Cweap+1iQ9j8bRAO0vNhmIkbcvdB1S4WVUw==
  dependencies:
    "@aws-sdk/types" "3.577.0"
    "@aws-sdk/util-endpoints" "3.583.0"
    "@smithy/protocol-http" "^4.0.0"
    "@smithy/types" "^3.0.0"
    tslib "^2.6.2"

"@aws-sdk/region-config-resolver@3.577.0":
  version "3.577.0"
  resolved "https://registry.yarnpkg.com/@aws-sdk/region-config-resolver/-/region-config-resolver-3.577.0.tgz#1fab6dc6c4ec3ad9a0352c1ce1a757464219fb00"
  integrity sha512-4ChCFACNwzqx/xjg3zgFcW8Ali6R9C95cFECKWT/7CUM1D0MGvkclSH2cLarmHCmJgU6onKkJroFtWp0kHhgyg==
  dependencies:
    "@aws-sdk/types" "3.577.0"
    "@smithy/node-config-provider" "^3.0.0"
    "@smithy/types" "^3.0.0"
    "@smithy/util-config-provider" "^3.0.0"
    "@smithy/util-middleware" "^3.0.0"
    tslib "^2.6.2"

"@aws-sdk/token-providers@3.577.0":
  version "3.577.0"
  resolved "https://registry.yarnpkg.com/@aws-sdk/token-providers/-/token-providers-3.577.0.tgz#8f9e96ff42994dfd0b5b3692b583644ccda04893"
  integrity sha512-0CkIZpcC3DNQJQ1hDjm2bdSy/Xjs7Ny5YvSsacasGOkNfk+FdkiQy6N67bZX3Zbc9KIx+Nz4bu3iDeNSNplnnQ==
  dependencies:
    "@aws-sdk/types" "3.577.0"
    "@smithy/property-provider" "^3.0.0"
    "@smithy/shared-ini-file-loader" "^3.0.0"
    "@smithy/types" "^3.0.0"
    tslib "^2.6.2"

"@aws-sdk/types@3.577.0":
  version "3.577.0"
  resolved "https://registry.yarnpkg.com/@aws-sdk/types/-/types-3.577.0.tgz#7700784d368ce386745f8c340d9d68cea4716f90"
  integrity sha512-FT2JZES3wBKN/alfmhlo+3ZOq/XJ0C7QOZcDNrpKjB0kqYoKjhVKZ/Hx6ArR0czkKfHzBBEs6y40ebIHx2nSmA==
  dependencies:
    "@smithy/types" "^3.0.0"
    tslib "^2.6.2"

"@aws-sdk/types@^3.222.0":
  version "3.378.0"
  resolved "https://registry.yarnpkg.com/@aws-sdk/types/-/types-3.378.0.tgz#93a811ccdf15c81b1947f1cd67922c4690792189"
  integrity sha512-qP0CvR/ItgktmN8YXpGQglzzR/6s0nrsQ4zIfx3HMwpsBTwuouYahcCtF1Vr82P4NFcoDA412EJahJ2pIqEd+w==
  dependencies:
    "@smithy/types" "^2.0.2"
    tslib "^2.5.0"

"@aws-sdk/util-endpoints@3.583.0":
  version "3.583.0"
  resolved "https://registry.yarnpkg.com/@aws-sdk/util-endpoints/-/util-endpoints-3.583.0.tgz#1554d3b4124be21a72a519603e9727d973845504"
  integrity sha512-ZC9mb2jq6BFXPYsUsD2tmYcnlmd+9PGNwnFNn8jk4abna5Jjk2wDknN81ybktmBR5ttN9W8ugmktuKtvAMIDCQ==
  dependencies:
    "@aws-sdk/types" "3.577.0"
    "@smithy/types" "^3.0.0"
    "@smithy/util-endpoints" "^2.0.0"
    tslib "^2.6.2"

"@aws-sdk/util-locate-window@^3.0.0":
  version "3.310.0"
  resolved "https://registry.yarnpkg.com/@aws-sdk/util-locate-window/-/util-locate-window-3.310.0.tgz#b071baf050301adee89051032bd4139bba32cc40"
  integrity sha512-qo2t/vBTnoXpjKxlsC2e1gBrRm80M3bId27r0BRB2VniSSe7bL1mmzM+/HFtujm0iAxtPM+aLEflLJlJeDPg0w==
  dependencies:
    tslib "^2.5.0"

"@aws-sdk/util-user-agent-browser@3.577.0":
  version "3.577.0"
  resolved "https://registry.yarnpkg.com/@aws-sdk/util-user-agent-browser/-/util-user-agent-browser-3.577.0.tgz#d4d2cdb3a2b3d1c8b35f239ee9f7b2c87bee66ea"
  integrity sha512-zEAzHgR6HWpZOH7xFgeJLc6/CzMcx4nxeQolZxVZoB5pPaJd3CjyRhZN0xXeZB0XIRCWmb4yJBgyiugXLNMkLA==
  dependencies:
    "@aws-sdk/types" "3.577.0"
    "@smithy/types" "^3.0.0"
    bowser "^2.11.0"
    tslib "^2.6.2"

"@aws-sdk/util-user-agent-node@3.577.0":
  version "3.577.0"
  resolved "https://registry.yarnpkg.com/@aws-sdk/util-user-agent-node/-/util-user-agent-node-3.577.0.tgz#0215ea10ead622a61b575a7181a4c51ae8e71449"
  integrity sha512-XqvtFjbSMtycZTWVwDe8DRWovuoMbA54nhUoZwVU6rW9OSD6NZWGR512BUGHFaWzW0Wg8++Dj10FrKTG2XtqfA==
  dependencies:
    "@aws-sdk/types" "3.577.0"
    "@smithy/node-config-provider" "^3.0.0"
    "@smithy/types" "^3.0.0"
    tslib "^2.6.2"

"@aws-sdk/util-utf8-browser@^3.0.0":
  version "3.259.0"
  resolved "https://registry.yarnpkg.com/@aws-sdk/util-utf8-browser/-/util-utf8-browser-3.259.0.tgz#3275a6f5eb334f96ca76635b961d3c50259fd9ff"
  integrity sha512-UvFa/vR+e19XookZF8RzFZBrw2EUkQWxiBW0yYQAhvk3C+QVGl0H3ouca8LDBlBfQKXwmW3huo/59H8rwb1wJw==
  dependencies:
    tslib "^2.3.1"

"@babel/runtime@^7.21.0":
  version "7.22.6"
  resolved "https://registry.yarnpkg.com/@babel/runtime/-/runtime-7.22.6.tgz#57d64b9ae3cff1d67eb067ae117dac087f5bd438"
  integrity sha512-wDb5pWm4WDdF6LFUde3Jl8WzPA+3ZbxYqkC6xAXuD3irdEHN1k0NfTRrJD8ZD378SJ61miMLCqIOXYhd8x+AJQ==
  dependencies:
    regenerator-runtime "^0.13.11"

"@smithy/abort-controller@^3.0.0":
  version "3.0.0"
  resolved "https://registry.yarnpkg.com/@smithy/abort-controller/-/abort-controller-3.0.0.tgz#5815f5d4618e14bf8d031bb98a99adabbb831168"
  integrity sha512-p6GlFGBt9K4MYLu72YuJ523NVR4A8oHlC5M2JO6OmQqN8kAc/uh1JqLE+FizTokrSJGg0CSvC+BrsmGzKtsZKA==
  dependencies:
    "@smithy/types" "^3.0.0"
    tslib "^2.6.2"

"@smithy/config-resolver@^3.0.0", "@smithy/config-resolver@^3.0.1":
  version "3.0.1"
  resolved "https://registry.yarnpkg.com/@smithy/config-resolver/-/config-resolver-3.0.1.tgz#4e0917e5a02139ef978a1ed470543ab41dd3626b"
  integrity sha512-hbkYJc20SBDz2qqLzttjI/EqXemtmWk0ooRznLsiXp3066KQRTvuKHa7U4jCZCJq6Dozqvy0R1/vNESC9inPJg==
  dependencies:
    "@smithy/node-config-provider" "^3.1.0"
    "@smithy/types" "^3.0.0"
    "@smithy/util-config-provider" "^3.0.0"
    "@smithy/util-middleware" "^3.0.0"
    tslib "^2.6.2"

"@smithy/core@^2.0.1":
  version "2.1.1"
  resolved "https://registry.yarnpkg.com/@smithy/core/-/core-2.1.1.tgz#c5e50785f9f61cad85fbefafa402b1a87eff095a"
  integrity sha512-0vbIwwUcg0FMhTVJgMhbsRSAFL0rwduy/OQz7Xq1pJXJOyaGv+PGjj1iGawRlzBUPA5BkJv7S6q+YU2U8gk/WA==
  dependencies:
    "@smithy/middleware-endpoint" "^3.0.1"
    "@smithy/middleware-retry" "^3.0.3"
    "@smithy/middleware-serde" "^3.0.0"
    "@smithy/protocol-http" "^4.0.0"
    "@smithy/smithy-client" "^3.1.1"
    "@smithy/types" "^3.0.0"
    "@smithy/util-middleware" "^3.0.0"
    tslib "^2.6.2"

"@smithy/credential-provider-imds@^3.1.0":
  version "3.1.0"
  resolved "https://registry.yarnpkg.com/@smithy/credential-provider-imds/-/credential-provider-imds-3.1.0.tgz#7e58b78aa8de13dd04e94829241cd1cbde59b6d3"
  integrity sha512-q4A4d38v8pYYmseu/jTS3Z5I3zXlEOe5Obi+EJreVKgSVyWUHOd7/yaVCinC60QG4MRyCs98tcxBH1IMC0bu7Q==
  dependencies:
    "@smithy/node-config-provider" "^3.1.0"
    "@smithy/property-provider" "^3.1.0"
    "@smithy/types" "^3.0.0"
    "@smithy/url-parser" "^3.0.0"
    tslib "^2.6.2"

"@smithy/fetch-http-handler@^3.0.1":
  version "3.0.1"
  resolved "https://registry.yarnpkg.com/@smithy/fetch-http-handler/-/fetch-http-handler-3.0.1.tgz#dacfdf6e70d639fac4a0f57c42ce13f0ed14ff22"
  integrity sha512-uaH74i5BDj+rBwoQaXioKpI0SHBJFtOVwzrCpxZxphOW0ki5jhj7dXvDMYM2IJem8TpdFvS2iC08sjOblfFGFg==
  dependencies:
    "@smithy/protocol-http" "^4.0.0"
    "@smithy/querystring-builder" "^3.0.0"
    "@smithy/types" "^3.0.0"
    "@smithy/util-base64" "^3.0.0"
    tslib "^2.6.2"

"@smithy/hash-node@^3.0.0":
  version "3.0.0"
  resolved "https://registry.yarnpkg.com/@smithy/hash-node/-/hash-node-3.0.0.tgz#f44b5fff193e241c1cdcc957b296b60f186f0e59"
  integrity sha512-84qXstNemP3XS5jcof0el6+bDfjzuvhJPQTEfro3lgtbCtKgzPm3MgiS6ehXVPjeQ5+JS0HqmTz8f/RYfzHVxw==
  dependencies:
    "@smithy/types" "^3.0.0"
    "@smithy/util-buffer-from" "^3.0.0"
    "@smithy/util-utf8" "^3.0.0"
    tslib "^2.6.2"

"@smithy/invalid-dependency@^3.0.0":
  version "3.0.0"
  resolved "https://registry.yarnpkg.com/@smithy/invalid-dependency/-/invalid-dependency-3.0.0.tgz#21cb6b5203ee15321bfcc751f21f7a19536d4ae8"
  integrity sha512-F6wBBaEFgJzj0s4KUlliIGPmqXemwP6EavgvDqYwCH40O5Xr2iMHvS8todmGVZtuJCorBkXsYLyTu4PuizVq5g==
  dependencies:
    "@smithy/types" "^3.0.0"
    tslib "^2.6.2"

"@smithy/is-array-buffer@^3.0.0":
  version "3.0.0"
  resolved "https://registry.yarnpkg.com/@smithy/is-array-buffer/-/is-array-buffer-3.0.0.tgz#9a95c2d46b8768946a9eec7f935feaddcffa5e7a"
  integrity sha512-+Fsu6Q6C4RSJiy81Y8eApjEB5gVtM+oFKTffg+jSuwtvomJJrhUJBu2zS8wjXSgH/g1MKEWrzyChTBe6clb5FQ==
  dependencies:
    tslib "^2.6.2"

"@smithy/middleware-content-length@^3.0.0":
  version "3.0.0"
  resolved "https://registry.yarnpkg.com/@smithy/middleware-content-length/-/middleware-content-length-3.0.0.tgz#084b3d22248967885d496eb0b105d9090e8ababd"
  integrity sha512-3C4s4d/iGobgCtk2tnWW6+zSTOBg1PRAm2vtWZLdriwTroFbbWNSr3lcyzHdrQHnEXYCC5K52EbpfodaIUY8sg==
  dependencies:
    "@smithy/protocol-http" "^4.0.0"
    "@smithy/types" "^3.0.0"
    tslib "^2.6.2"

"@smithy/middleware-endpoint@^3.0.1":
  version "3.0.1"
  resolved "https://registry.yarnpkg.com/@smithy/middleware-endpoint/-/middleware-endpoint-3.0.1.tgz#49e8defb8e892e70417bd05f1faaf207070f32c7"
  integrity sha512-lQ/UOdGD4KM5kLZiAl0q8Qy3dPbynvAXKAdXnYlrA1OpaUwr+neSsVokDZpY6ZVb5Yx8jnus29uv6XWpM9P4SQ==
  dependencies:
    "@smithy/middleware-serde" "^3.0.0"
    "@smithy/node-config-provider" "^3.1.0"
    "@smithy/shared-ini-file-loader" "^3.1.0"
    "@smithy/types" "^3.0.0"
    "@smithy/url-parser" "^3.0.0"
    "@smithy/util-middleware" "^3.0.0"
    tslib "^2.6.2"

"@smithy/middleware-retry@^3.0.1", "@smithy/middleware-retry@^3.0.3":
  version "3.0.3"
  resolved "https://registry.yarnpkg.com/@smithy/middleware-retry/-/middleware-retry-3.0.3.tgz#8e9af1c9db4bc8904d73126225211b42b562f961"
  integrity sha512-Wve1qzJb83VEU/6q+/I0cQdAkDnuzELC6IvIBwDzUEiGpKqXgX1v10FUuZGbRS6Ov/P+HHthcAoHOJZQvZNAkA==
  dependencies:
    "@smithy/node-config-provider" "^3.1.0"
    "@smithy/protocol-http" "^4.0.0"
    "@smithy/service-error-classification" "^3.0.0"
    "@smithy/smithy-client" "^3.1.1"
    "@smithy/types" "^3.0.0"
    "@smithy/util-middleware" "^3.0.0"
    "@smithy/util-retry" "^3.0.0"
    tslib "^2.6.2"
    uuid "^9.0.1"

"@smithy/middleware-serde@^3.0.0":
  version "3.0.0"
  resolved "https://registry.yarnpkg.com/@smithy/middleware-serde/-/middleware-serde-3.0.0.tgz#786da6a6bc0e5e51d669dac834c19965245dd302"
  integrity sha512-I1vKG1foI+oPgG9r7IMY1S+xBnmAn1ISqployvqkwHoSb8VPsngHDTOgYGYBonuOKndaWRUGJZrKYYLB+Ane6w==
  dependencies:
    "@smithy/types" "^3.0.0"
    tslib "^2.6.2"

"@smithy/middleware-stack@^3.0.0":
  version "3.0.0"
  resolved "https://registry.yarnpkg.com/@smithy/middleware-stack/-/middleware-stack-3.0.0.tgz#00f112bae7af5fc3bd37d4fab95ebce0f17a7774"
  integrity sha512-+H0jmyfAyHRFXm6wunskuNAqtj7yfmwFB6Fp37enytp2q047/Od9xetEaUbluyImOlGnGpaVGaVfjwawSr+i6Q==
  dependencies:
    "@smithy/types" "^3.0.0"
    tslib "^2.6.2"

"@smithy/node-config-provider@^3.0.0", "@smithy/node-config-provider@^3.1.0":
  version "3.1.0"
  resolved "https://registry.yarnpkg.com/@smithy/node-config-provider/-/node-config-provider-3.1.0.tgz#e962987c4e2e2b8b50397de5f4745eb21ee7bdbb"
  integrity sha512-ngfB8QItUfTFTfHMvKuc2g1W60V1urIgZHqD1JNFZC2tTWXahqf2XvKXqcBS7yZqR7GqkQQZy11y/lNOUWzq7Q==
  dependencies:
    "@smithy/property-provider" "^3.1.0"
    "@smithy/shared-ini-file-loader" "^3.1.0"
    "@smithy/types" "^3.0.0"
    tslib "^2.6.2"

"@smithy/node-http-handler@^3.0.0":
  version "3.0.0"
  resolved "https://registry.yarnpkg.com/@smithy/node-http-handler/-/node-http-handler-3.0.0.tgz#e771ea95d03e259f04b7b37e8aece8a4fffc8cdc"
  integrity sha512-3trD4r7NOMygwLbUJo4eodyQuypAWr7uvPnebNJ9a70dQhVn+US8j/lCnvoJS6BXfZeF7PkkkI0DemVJw+n+eQ==
  dependencies:
    "@smithy/abort-controller" "^3.0.0"
    "@smithy/protocol-http" "^4.0.0"
    "@smithy/querystring-builder" "^3.0.0"
    "@smithy/types" "^3.0.0"
    tslib "^2.6.2"

"@smithy/property-provider@^3.0.0", "@smithy/property-provider@^3.1.0":
  version "3.1.0"
  resolved "https://registry.yarnpkg.com/@smithy/property-provider/-/property-provider-3.1.0.tgz#b78d4964a1016b90331cc0c770b472160361fde7"
  integrity sha512-Tj3+oVhqdZgemjCiWjFlADfhvLF4C/uKDuKo7/tlEsRQ9+3emCreR2xndj970QSRSsiCEU8hZW3/8JQu+n5w4Q==
  dependencies:
    "@smithy/types" "^3.0.0"
    tslib "^2.6.2"

"@smithy/protocol-http@^4.0.0":
  version "4.0.0"
  resolved "https://registry.yarnpkg.com/@smithy/protocol-http/-/protocol-http-4.0.0.tgz#04df3b5674b540323f678e7c4113e8abd8b26432"
  integrity sha512-qOQZOEI2XLWRWBO9AgIYuHuqjZ2csyr8/IlgFDHDNuIgLAMRx2Bl8ck5U5D6Vh9DPdoaVpuzwWMa0xcdL4O/AQ==
  dependencies:
    "@smithy/types" "^3.0.0"
    tslib "^2.6.2"

"@smithy/querystring-builder@^3.0.0":
  version "3.0.0"
  resolved "https://registry.yarnpkg.com/@smithy/querystring-builder/-/querystring-builder-3.0.0.tgz#48a9aa7b700e8409368c21bc0adf7564e001daea"
  integrity sha512-bW8Fi0NzyfkE0TmQphDXr1AmBDbK01cA4C1Z7ggwMAU5RDz5AAv/KmoRwzQAS0kxXNf/D2ALTEgwK0U2c4LtRg==
  dependencies:
    "@smithy/types" "^3.0.0"
    "@smithy/util-uri-escape" "^3.0.0"
    tslib "^2.6.2"

"@smithy/querystring-parser@^3.0.0":
  version "3.0.0"
  resolved "https://registry.yarnpkg.com/@smithy/querystring-parser/-/querystring-parser-3.0.0.tgz#fa1ed0cee408cd4d622070fa874bc50ac1a379b7"
  integrity sha512-UzHwthk0UEccV4dHzPySnBy34AWw3V9lIqUTxmozQ+wPDAO9csCWMfOLe7V9A2agNYy7xE+Pb0S6K/J23JSzfQ==
  dependencies:
    "@smithy/types" "^3.0.0"
    tslib "^2.6.2"

"@smithy/service-error-classification@^3.0.0":
  version "3.0.0"
  resolved "https://registry.yarnpkg.com/@smithy/service-error-classification/-/service-error-classification-3.0.0.tgz#06a45cb91b15b8b0d5f3b1df2b3743d2ca42f5c4"
  integrity sha512-3BsBtOUt2Gsnc3X23ew+r2M71WwtpHfEDGhHYHSDg6q1t8FrWh15jT25DLajFV1H+PpxAJ6gqe9yYeRUsmSdFA==
  dependencies:
    "@smithy/types" "^3.0.0"

"@smithy/shared-ini-file-loader@^3.0.0", "@smithy/shared-ini-file-loader@^3.1.0":
  version "3.1.0"
  resolved "https://registry.yarnpkg.com/@smithy/shared-ini-file-loader/-/shared-ini-file-loader-3.1.0.tgz#a4cb9304c3be1c232ec661132ca88d177ac7a5b1"
  integrity sha512-dAM7wSX0NR3qTNyGVN/nwwpEDzfV9T/3AN2eABExWmda5VqZKSsjlINqomO5hjQWGv+IIkoXfs3u2vGSNz8+Rg==
  dependencies:
    "@smithy/types" "^3.0.0"
    tslib "^2.6.2"

"@smithy/signature-v4@^3.0.0":
  version "3.0.0"
  resolved "https://registry.yarnpkg.com/@smithy/signature-v4/-/signature-v4-3.0.0.tgz#f536d0abebfeeca8e9aab846a4042658ca07d3b7"
  integrity sha512-kXFOkNX+BQHe2qnLxpMEaCRGap9J6tUGLzc3A9jdn+nD4JdMwCKTJ+zFwQ20GkY+mAXGatyTw3HcoUlR39HwmA==
  dependencies:
    "@smithy/is-array-buffer" "^3.0.0"
    "@smithy/types" "^3.0.0"
    "@smithy/util-hex-encoding" "^3.0.0"
    "@smithy/util-middleware" "^3.0.0"
    "@smithy/util-uri-escape" "^3.0.0"
    "@smithy/util-utf8" "^3.0.0"
    tslib "^2.6.2"

"@smithy/smithy-client@^3.0.1", "@smithy/smithy-client@^3.1.1":
  version "3.1.1"
  resolved "https://registry.yarnpkg.com/@smithy/smithy-client/-/smithy-client-3.1.1.tgz#9aa770edd9b6277dc4124c924c617a436cdb670e"
  integrity sha512-tj4Ku7MpzZR8cmVuPcSbrLFVxmptWktmJMwST/uIEq4sarabEdF8CbmQdYB7uJ/X51Qq2EYwnRsoS7hdR4B7rA==
  dependencies:
    "@smithy/middleware-endpoint" "^3.0.1"
    "@smithy/middleware-stack" "^3.0.0"
    "@smithy/protocol-http" "^4.0.0"
    "@smithy/types" "^3.0.0"
    "@smithy/util-stream" "^3.0.1"
    tslib "^2.6.2"

"@smithy/types@^2.0.2":
  version "2.0.2"
  resolved "https://registry.yarnpkg.com/@smithy/types/-/types-2.0.2.tgz#49d42724c909e845bfd80a2e195740614ce497f3"
  integrity sha512-wcymEjIXQ9+NEfE5Yt5TInAqe1o4n+Nh+rh00AwoazppmUt8tdo6URhc5gkDcOYrcvlDVAZE7uG69nDpEGUKxw==
  dependencies:
    tslib "^2.5.0"

"@smithy/types@^3.0.0":
  version "3.0.0"
  resolved "https://registry.yarnpkg.com/@smithy/types/-/types-3.0.0.tgz#00231052945159c64ffd8b91e8909d8d3006cb7e"
  integrity sha512-VvWuQk2RKFuOr98gFhjca7fkBS+xLLURT8bUjk5XQoV0ZLm7WPwWPPY3/AwzTLuUBDeoKDCthfe1AsTUWaSEhw==
  dependencies:
    tslib "^2.6.2"

"@smithy/url-parser@^3.0.0":
  version "3.0.0"
  resolved "https://registry.yarnpkg.com/@smithy/url-parser/-/url-parser-3.0.0.tgz#5fdc77cd22051c1aac6531be0315bfcba0fa705d"
  integrity sha512-2XLazFgUu+YOGHtWihB3FSLAfCUajVfNBXGGYjOaVKjLAuAxx3pSBY3hBgLzIgB17haf59gOG3imKqTy8mcrjw==
  dependencies:
    "@smithy/querystring-parser" "^3.0.0"
    "@smithy/types" "^3.0.0"
    tslib "^2.6.2"

"@smithy/util-base64@^3.0.0":
  version "3.0.0"
  resolved "https://registry.yarnpkg.com/@smithy/util-base64/-/util-base64-3.0.0.tgz#f7a9a82adf34e27a72d0719395713edf0e493017"
  integrity sha512-Kxvoh5Qtt0CDsfajiZOCpJxgtPHXOKwmM+Zy4waD43UoEMA+qPxxa98aE/7ZhdnBFZFXMOiBR5xbcaMhLtznQQ==
  dependencies:
    "@smithy/util-buffer-from" "^3.0.0"
    "@smithy/util-utf8" "^3.0.0"
    tslib "^2.6.2"

"@smithy/util-body-length-browser@^3.0.0":
  version "3.0.0"
  resolved "https://registry.yarnpkg.com/@smithy/util-body-length-browser/-/util-body-length-browser-3.0.0.tgz#86ec2f6256310b4845a2f064e2f571c1ca164ded"
  integrity sha512-cbjJs2A1mLYmqmyVl80uoLTJhAcfzMOyPgjwAYusWKMdLeNtzmMz9YxNl3/jRLoxSS3wkqkf0jwNdtXWtyEBaQ==
  dependencies:
    tslib "^2.6.2"

"@smithy/util-body-length-node@^3.0.0":
  version "3.0.0"
  resolved "https://registry.yarnpkg.com/@smithy/util-body-length-node/-/util-body-length-node-3.0.0.tgz#99a291bae40d8932166907fe981d6a1f54298a6d"
  integrity sha512-Tj7pZ4bUloNUP6PzwhN7K386tmSmEET9QtQg0TgdNOnxhZvCssHji+oZTUIuzxECRfG8rdm2PMw2WCFs6eIYkA==
  dependencies:
    tslib "^2.6.2"

"@smithy/util-buffer-from@^3.0.0":
  version "3.0.0"
  resolved "https://registry.yarnpkg.com/@smithy/util-buffer-from/-/util-buffer-from-3.0.0.tgz#559fc1c86138a89b2edaefc1e6677780c24594e3"
  integrity sha512-aEOHCgq5RWFbP+UDPvPot26EJHjOC+bRgse5A8V3FSShqd5E5UN4qc7zkwsvJPPAVsf73QwYcHN1/gt/rtLwQA==
  dependencies:
    "@smithy/is-array-buffer" "^3.0.0"
    tslib "^2.6.2"

"@smithy/util-config-provider@^3.0.0":
  version "3.0.0"
  resolved "https://registry.yarnpkg.com/@smithy/util-config-provider/-/util-config-provider-3.0.0.tgz#62c6b73b22a430e84888a8f8da4b6029dd5b8efe"
  integrity sha512-pbjk4s0fwq3Di/ANL+rCvJMKM5bzAQdE5S/6RL5NXgMExFAi6UgQMPOm5yPaIWPpr+EOXKXRonJ3FoxKf4mCJQ==
  dependencies:
    tslib "^2.6.2"

"@smithy/util-defaults-mode-browser@^3.0.1":
  version "3.0.3"
  resolved "https://registry.yarnpkg.com/@smithy/util-defaults-mode-browser/-/util-defaults-mode-browser-3.0.3.tgz#6fff11a6c407ca1d5a1dc009768bd09271b199c2"
  integrity sha512-3DFON2bvXJAukJe+qFgPV/rorG7ZD3m4gjCXHD1V5z/tgKQp5MCTCLntrd686tX6tj8Uli3lefWXJudNg5WmCA==
  dependencies:
    "@smithy/property-provider" "^3.1.0"
    "@smithy/smithy-client" "^3.1.1"
    "@smithy/types" "^3.0.0"
    bowser "^2.11.0"
    tslib "^2.6.2"

"@smithy/util-defaults-mode-node@^3.0.1":
  version "3.0.3"
  resolved "https://registry.yarnpkg.com/@smithy/util-defaults-mode-node/-/util-defaults-mode-node-3.0.3.tgz#0b52ba9cb1138ee9076feba9a733462b2e2e6093"
  integrity sha512-D0b8GJXecT00baoSQ3Iieu3k3mZ7GY8w1zmg8pdogYrGvWJeLcIclqk2gbkG4K0DaBGWrO6v6r20iwIFfDYrmA==
  dependencies:
    "@smithy/config-resolver" "^3.0.1"
    "@smithy/credential-provider-imds" "^3.1.0"
    "@smithy/node-config-provider" "^3.1.0"
    "@smithy/property-provider" "^3.1.0"
    "@smithy/smithy-client" "^3.1.1"
    "@smithy/types" "^3.0.0"
    tslib "^2.6.2"

"@smithy/util-endpoints@^2.0.0":
  version "2.0.1"
  resolved "https://registry.yarnpkg.com/@smithy/util-endpoints/-/util-endpoints-2.0.1.tgz#4ea8069bfbf3ebbcbe106b5156ff59a7a627b7dd"
  integrity sha512-ZRT0VCOnKlVohfoABMc8lWeQo/JEFuPWctfNRXgTHbyOVssMOLYFUNWukxxiHRGVAhV+n3c0kPW+zUqckjVPEA==
  dependencies:
    "@smithy/node-config-provider" "^3.1.0"
    "@smithy/types" "^3.0.0"
    tslib "^2.6.2"

"@smithy/util-hex-encoding@^3.0.0":
  version "3.0.0"
  resolved "https://registry.yarnpkg.com/@smithy/util-hex-encoding/-/util-hex-encoding-3.0.0.tgz#32938b33d5bf2a15796cd3f178a55b4155c535e6"
  integrity sha512-eFndh1WEK5YMUYvy3lPlVmYY/fZcQE1D8oSf41Id2vCeIkKJXPcYDCZD+4+xViI6b1XSd7tE+s5AmXzz5ilabQ==
  dependencies:
    tslib "^2.6.2"

"@smithy/util-middleware@^3.0.0":
  version "3.0.0"
  resolved "https://registry.yarnpkg.com/@smithy/util-middleware/-/util-middleware-3.0.0.tgz#64d775628b99a495ca83ce982f5c83aa45f1e894"
  integrity sha512-q5ITdOnV2pXHSVDnKWrwgSNTDBAMHLptFE07ua/5Ty5WJ11bvr0vk2a7agu7qRhrCFRQlno5u3CneU5EELK+DQ==
  dependencies:
    "@smithy/types" "^3.0.0"
    tslib "^2.6.2"

"@smithy/util-retry@^3.0.0":
  version "3.0.0"
  resolved "https://registry.yarnpkg.com/@smithy/util-retry/-/util-retry-3.0.0.tgz#8a0c47496aab74e1dfde4905d462ad636a8824bb"
  integrity sha512-nK99bvJiziGv/UOKJlDvFF45F00WgPLKVIGUfAK+mDhzVN2hb/S33uW2Tlhg5PVBoqY7tDVqL0zmu4OxAHgo9g==
  dependencies:
    "@smithy/service-error-classification" "^3.0.0"
    "@smithy/types" "^3.0.0"
    tslib "^2.6.2"

"@smithy/util-stream@^3.0.1":
  version "3.0.1"
  resolved "https://registry.yarnpkg.com/@smithy/util-stream/-/util-stream-3.0.1.tgz#3cf527bcd3fec82c231c38d47dd75f3364747edb"
  integrity sha512-7F7VNNhAsfMRA8I986YdOY5fE0/T1/ZjFF6OLsqkvQVNP3vZ/szYDfGCyphb7ioA09r32K/0qbSFfNFU68aSzA==
  dependencies:
    "@smithy/fetch-http-handler" "^3.0.1"
    "@smithy/node-http-handler" "^3.0.0"
    "@smithy/types" "^3.0.0"
    "@smithy/util-base64" "^3.0.0"
    "@smithy/util-buffer-from" "^3.0.0"
    "@smithy/util-hex-encoding" "^3.0.0"
    "@smithy/util-utf8" "^3.0.0"
    tslib "^2.6.2"

"@smithy/util-uri-escape@^3.0.0":
  version "3.0.0"
  resolved "https://registry.yarnpkg.com/@smithy/util-uri-escape/-/util-uri-escape-3.0.0.tgz#e43358a78bf45d50bb736770077f0f09195b6f54"
  integrity sha512-LqR7qYLgZTD7nWLBecUi4aqolw8Mhza9ArpNEQ881MJJIU2sE5iHCK6TdyqqzcDLy0OPe10IY4T8ctVdtynubg==
  dependencies:
    tslib "^2.6.2"

"@smithy/util-utf8@^3.0.0":
  version "3.0.0"
  resolved "https://registry.yarnpkg.com/@smithy/util-utf8/-/util-utf8-3.0.0.tgz#1a6a823d47cbec1fd6933e5fc87df975286d9d6a"
  integrity sha512-rUeT12bxFnplYDe815GXbq/oixEGHfRFFtcTF3YdDi/JaENIM6aSYYLJydG83UNzLXeRI5K8abYd/8Sp/QM0kA==
  dependencies:
    "@smithy/util-buffer-from" "^3.0.0"
    tslib "^2.6.2"

"@tsconfig/node16@16.1.3":
  version "16.1.3"
  resolved "https://registry.yarnpkg.com/@tsconfig/node16/-/node16-16.1.3.tgz#94c1f4c72e8a6af81cb50b379334887b1a2476de"
  integrity sha512-9nTOUBn+EMKO6rtSZJk+DcqsfgtlERGT9XPJ5PRj/HNENPCBY1yu/JEj5wT6GLtbCLBO2k46SeXDaY0pjMqypw==

"@types/node@^16.18.96":
  version "16.18.97"
  resolved "https://registry.yarnpkg.com/@types/node/-/node-16.18.97.tgz#d7926a8030f0d714d555b4550c0cc7731495cfe5"
  integrity sha512-4muilE1Lbfn57unR+/nT9AFjWk0MtWi5muwCEJqnOvfRQDbSfLCUdN7vCIg8TYuaANfhLOV85ve+FNpiUsbSRg==

ansi-regex@^5.0.1:
  version "5.0.1"
  resolved "https://registry.yarnpkg.com/ansi-regex/-/ansi-regex-5.0.1.tgz#082cb2c89c9fe8659a311a53bd6a4dc5301db304"
  integrity sha512-quJQXlTSUGL2LH9SUXo8VwsY4soanhgo6LNSm84E1LBcE8s3O0wpdiRzyR9z/ZZJMlMWv37qOOb9pdJlMUEKFQ==

ansi-styles@^4.0.0, ansi-styles@^4.1.0:
  version "4.3.0"
  resolved "https://registry.yarnpkg.com/ansi-styles/-/ansi-styles-4.3.0.tgz#edd803628ae71c04c85ae7a0906edad34b648937"
  integrity sha512-zbB9rCJAT1rbjiVDb2hqKFHNYLxgtk8NURxZ3IZwD3F6NtxbXZQCnnSi1Lkx+IDohdPlFp222wVALIheZJQSEg==
  dependencies:
    color-convert "^2.0.1"

balanced-match@^1.0.0:
  version "1.0.2"
  resolved "https://registry.yarnpkg.com/balanced-match/-/balanced-match-1.0.2.tgz#e83e3a7e3f300b34cb9d87f615fa0cbf357690ee"
  integrity sha512-3oSeUO0TMV67hN1AmbXsK4yaqU7tjiHlbxRDZOpH0KW9+CeX4bRAaX0Anxt0tx2MrpRpWwQaPwIlISEJhYU5Pw==

bowser@^2.11.0:
  version "2.11.0"
  resolved "https://registry.yarnpkg.com/bowser/-/bowser-2.11.0.tgz#5ca3c35757a7aa5771500c70a73a9f91ef420a8f"
  integrity sha512-AlcaJBi/pqqJBIQ8U9Mcpc9i8Aqxn88Skv5d+xBX006BY5u8N3mGLHa5Lgppa7L/HfwgwLgZ6NYs+Ag6uUmJRA==

brace-expansion@^1.1.7:
  version "1.1.11"
  resolved "https://registry.yarnpkg.com/brace-expansion/-/brace-expansion-1.1.11.tgz#3c7fcbf529d87226f3d2f52b966ff5271eb441dd"
  integrity sha512-iCuPHDFgrHX7H2vEI/5xpz07zSHB00TpugqhmYtVmMO6518mCuRMoOYFldEBl0g187ufozdaHgWKcYFb61qGiA==
  dependencies:
    balanced-match "^1.0.0"
    concat-map "0.0.1"

chalk@^4.1.0:
  version "4.1.2"
  resolved "https://registry.yarnpkg.com/chalk/-/chalk-4.1.2.tgz#aac4e2b7734a740867aeb16bf02aad556a1e7a01"
  integrity sha512-oKnbhFyRIXpUuez8iBMmyEa4nbj4IOQyuhc/wy9kY7/WVPcwIO9VA668Pu8RkO7+0G76SLROeyw9CpQ061i4mA==
  dependencies:
    ansi-styles "^4.1.0"
    supports-color "^7.1.0"

cliui@^7.0.2:
  version "7.0.4"
  resolved "https://registry.yarnpkg.com/cliui/-/cliui-7.0.4.tgz#a0265ee655476fc807aea9df3df8df7783808b4f"
  integrity sha512-OcRE68cOsVMXp1Yvonl/fzkQOyjLSu/8bhPDfQt0e0/Eb283TKP20Fs2MqoPsr9SwA595rRCA+QMzYc9nBP+JQ==
  dependencies:
    string-width "^4.2.0"
    strip-ansi "^6.0.0"
    wrap-ansi "^7.0.0"

color-convert@^2.0.1:
  version "2.0.1"
  resolved "https://registry.yarnpkg.com/color-convert/-/color-convert-2.0.1.tgz#72d3a68d598c9bdb3af2ad1e84f21d896abd4de3"
  integrity sha512-RRECPsj7iu/xb5oKYcsFHSppFNnsj/52OVTRKb4zP5onXwVF3zVmmToNcOfGC+CRDpfK/U584fMg38ZHCaElKQ==
  dependencies:
    color-name "~1.1.4"

color-name@~1.1.4:
  version "1.1.4"
  resolved "https://registry.yarnpkg.com/color-name/-/color-name-1.1.4.tgz#c2a09a87acbde69543de6f63fa3995c826c536a2"
  integrity sha512-dOy+3AuW3a2wNbZHIuMZpTcgjGuLU/uBL/ubcZF9OXbDo8ff4O8yVp5Bf0efS8uEoYo5q4Fx7dY9OgQGXgAsQA==

concat-map@0.0.1:
  version "0.0.1"
  resolved "https://registry.yarnpkg.com/concat-map/-/concat-map-0.0.1.tgz#d8a96bd77fd68df7793a73036a3ba0d5405d477b"
  integrity sha512-/Srv4dswyQNBfohGpz9o6Yb3Gz3SrUDqBH5rTuhGR7ahtlbYKnVxw2bCFMRljaA7EXHaXZ8wsHdodFvbkhKmqg==

concurrently@7.0.0:
  version "7.0.0"
  resolved "https://registry.yarnpkg.com/concurrently/-/concurrently-7.0.0.tgz#78d31b441cec338dab03316c221a2f9a67c529b0"
  integrity sha512-WKM7PUsI8wyXpF80H+zjHP32fsgsHNQfPLw/e70Z5dYkV7hF+rf8q3D+ScWJIEr57CpkO3OWBko6hwhQLPR8Pw==
  dependencies:
    chalk "^4.1.0"
    date-fns "^2.16.1"
    lodash "^4.17.21"
    rxjs "^6.6.3"
    spawn-command "^0.0.2-1"
    supports-color "^8.1.0"
    tree-kill "^1.2.2"
    yargs "^16.2.0"

date-fns@^2.16.1:
  version "2.30.0"
  resolved "https://registry.yarnpkg.com/date-fns/-/date-fns-2.30.0.tgz#f367e644839ff57894ec6ac480de40cae4b0f4d0"
  integrity sha512-fnULvOpxnC5/Vg3NCiWelDsLiUc9bRwAPs/+LfTLNvetFCtCTN+yQz15C/fs4AwX1R9K5GLtLfn8QW+dWisaAw==
  dependencies:
    "@babel/runtime" "^7.21.0"

downlevel-dts@0.10.1:
  version "0.10.1"
  resolved "https://registry.yarnpkg.com/downlevel-dts/-/downlevel-dts-0.10.1.tgz#2f0a09f0e63f43c49da78897edb1bb292c8769cf"
  integrity sha512-bwY63Y0Gfwotcly4vU6rB66m5txvfQzDGd1Gai9E9orqsDIswXKjkdR18Tm6TidnAk9+J5N68a5VMDO2bsQCKQ==
  dependencies:
    semver "^7.3.2"
    shelljs "^0.8.3"
    typescript next

emoji-regex@^8.0.0:
  version "8.0.0"
  resolved "https://registry.yarnpkg.com/emoji-regex/-/emoji-regex-8.0.0.tgz#e818fd69ce5ccfcb404594f842963bf53164cc37"
  integrity sha512-MSjYzcWNOA0ewAHpz0MxpYFvwg6yjy1NG3xteoqz644VCo/RPgnr1/GGt+ic3iJTzQ8Eu3TdM14SawnVUmGE6A==

escalade@^3.1.1:
  version "3.1.1"
  resolved "https://registry.yarnpkg.com/escalade/-/escalade-3.1.1.tgz#d8cfdc7000965c5a0174b4a82eaa5c0552742e40"
  integrity sha512-k0er2gUkLf8O0zKJiAhmkTnJlTvINGv7ygDNPbeIsX/TJjGJZHuh9B2UxbsaEkmlEo9MfhrSzmhIlhRlI2GXnw==

fast-xml-parser@4.2.5:
  version "4.2.5"
  resolved "https://registry.yarnpkg.com/fast-xml-parser/-/fast-xml-parser-4.2.5.tgz#a6747a09296a6cb34f2ae634019bf1738f3b421f"
  integrity sha512-B9/wizE4WngqQftFPmdaMYlXoJlJOYxGQOanC77fq9k8+Z0v5dDSVh+3glErdIROP//s/jgb7ZuxKfB8nVyo0g==
  dependencies:
    strnum "^1.0.5"

fs.realpath@^1.0.0:
  version "1.0.0"
  resolved "https://registry.yarnpkg.com/fs.realpath/-/fs.realpath-1.0.0.tgz#1504ad2523158caa40db4a2787cb01411994ea4f"
  integrity sha512-OO0pH2lK6a0hZnAdau5ItzHPI6pUlvI7jMVnxUQRtw4owF2wk8lOSabtGDCTP4Ggrg2MbGnWO9X8K1t4+fGMDw==

function-bind@^1.1.1:
  version "1.1.1"
  resolved "https://registry.yarnpkg.com/function-bind/-/function-bind-1.1.1.tgz#a56899d3ea3c9bab874bb9773b7c5ede92f4895d"
  integrity sha512-yIovAzMX49sF8Yl58fSCWJ5svSLuaibPxXQJFLmBObTuCr0Mf1KiPopGM9NiFjiYBCbfaa2Fh6breQ6ANVTI0A==

get-caller-file@^2.0.5:
  version "2.0.5"
  resolved "https://registry.yarnpkg.com/get-caller-file/-/get-caller-file-2.0.5.tgz#4f94412a82db32f36e3b0b9741f8a97feb031f7e"
  integrity sha512-DyFP3BM/3YHTQOCUL/w0OZHR0lpKeGrxotcHWcqNEdnltqFwXVfhEBQ94eIo34AfQpo0rGki4cyIiftY06h2Fg==

glob@^7.0.0, glob@^7.1.3:
  version "7.2.3"
  resolved "https://registry.yarnpkg.com/glob/-/glob-7.2.3.tgz#b8df0fb802bbfa8e89bd1d938b4e16578ed44f2b"
  integrity sha512-nFR0zLpU2YCaRxwoCJvL6UvCH2JFyFVIvwTLsIf21AuHlMskA1hhTdk+LlYJtOlYt9v6dvszD2BGRqBL+iQK9Q==
  dependencies:
    fs.realpath "^1.0.0"
    inflight "^1.0.4"
    inherits "2"
    minimatch "^3.1.1"
    once "^1.3.0"
    path-is-absolute "^1.0.0"

has-flag@^4.0.0:
  version "4.0.0"
  resolved "https://registry.yarnpkg.com/has-flag/-/has-flag-4.0.0.tgz#944771fd9c81c81265c4d6941860da06bb59479b"
  integrity sha512-EykJT/Q1KjTWctppgIAgfSO0tKVuZUjhgMr17kqTumMl6Afv3EISleU7qZUzoXDFTAHTDC4NOoG/ZxU3EvlMPQ==

has@^1.0.3:
  version "1.0.3"
  resolved "https://registry.yarnpkg.com/has/-/has-1.0.3.tgz#722d7cbfc1f6aa8241f16dd814e011e1f41e8796"
  integrity sha512-f2dvO0VU6Oej7RkWJGrehjbzMAjFp5/VKPp5tTpWIV4JHHZK1/BxbFRtf/siA2SWTe09caDmVtYYzWEIbBS4zw==
  dependencies:
    function-bind "^1.1.1"

inflight@^1.0.4:
  version "1.0.6"
  resolved "https://registry.yarnpkg.com/inflight/-/inflight-1.0.6.tgz#49bd6331d7d02d0c09bc910a1075ba8165b56df9"
  integrity sha512-k92I/b08q4wvFscXCLvqfsHCrjrF7yiXsQuIVvVE7N82W3+aqpzuUdBbfhWcy/FZR3/4IgflMgKLOsvPDrGCJA==
  dependencies:
    once "^1.3.0"
    wrappy "1"

inherits@2:
  version "2.0.4"
  resolved "https://registry.yarnpkg.com/inherits/-/inherits-2.0.4.tgz#0fa2c64f932917c3433a0ded55363aae37416b7c"
  integrity sha512-k/vGaX4/Yla3WzyMCvTQOXYeIHvqOKtnqBduzTHpzpQZzAskKMhZ2K+EnBiSM9zGSoIFeMpXKxa4dYeZIQqewQ==

interpret@^1.0.0:
  version "1.4.0"
  resolved "https://registry.yarnpkg.com/interpret/-/interpret-1.4.0.tgz#665ab8bc4da27a774a40584e812e3e0fa45b1a1e"
  integrity sha512-agE4QfB2Lkp9uICn7BAqoscw4SZP9kTE2hxiFI3jBPmXJfdqiahTbUuKGsMoN2GtqL9AxhYioAcVvgsb1HvRbA==

is-core-module@^2.13.0:
  version "2.13.0"
  resolved "https://registry.yarnpkg.com/is-core-module/-/is-core-module-2.13.0.tgz#bb52aa6e2cbd49a30c2ba68c42bf3435ba6072db"
  integrity sha512-Z7dk6Qo8pOCp3l4tsX2C5ZVas4V+UxwQodwZhLopL91TX8UyyHEXafPcyoeeWuLrwzHcr3igO78wNLwHJHsMCQ==
  dependencies:
    has "^1.0.3"

is-fullwidth-code-point@^3.0.0:
  version "3.0.0"
  resolved "https://registry.yarnpkg.com/is-fullwidth-code-point/-/is-fullwidth-code-point-3.0.0.tgz#f116f8064fe90b3f7844a38997c0b75051269f1d"
  integrity sha512-zymm5+u+sCsSWyD9qNaejV3DFvhCKclKdizYaJUuHA83RLjb7nSuGnddCHGv0hk+KY7BMAlsWeK4Ueg6EV6XQg==

lodash@^4.17.21:
  version "4.17.21"
  resolved "https://registry.yarnpkg.com/lodash/-/lodash-4.17.21.tgz#679591c564c3bffaae8454cf0b3df370c3d6911c"
  integrity sha512-v2kDEe57lecTulaDIuNTPy3Ry4gLGJ6Z1O3vE1krgXZNrsQ+LFTGHVxVjcXPs17LhbZVGedAJv8XZ1tvj5FvSg==

lru-cache@^6.0.0:
  version "6.0.0"
  resolved "https://registry.yarnpkg.com/lru-cache/-/lru-cache-6.0.0.tgz#6d6fe6570ebd96aaf90fcad1dafa3b2566db3a94"
  integrity sha512-Jo6dJ04CmSjuznwJSS3pUeWmd/H0ffTlkXXgwZi+eq1UCmqQwCh+eLsYOYCwY991i2Fah4h1BEMCx4qThGbsiA==
  dependencies:
    yallist "^4.0.0"

minimatch@^3.1.1:
  version "3.1.2"
  resolved "https://registry.yarnpkg.com/minimatch/-/minimatch-3.1.2.tgz#19cd194bfd3e428f049a70817c038d89ab4be35b"
  integrity sha512-J7p63hRiAjw1NDEww1W7i37+ByIrOWO5XQQAzZ3VOcL0PNybwpfmV/N05zFAzwQ9USyEcX6t3UO+K5aqBQOIHw==
  dependencies:
    brace-expansion "^1.1.7"

once@^1.3.0:
  version "1.4.0"
  resolved "https://registry.yarnpkg.com/once/-/once-1.4.0.tgz#583b1aa775961d4b113ac17d9c50baef9dd76bd1"
  integrity sha512-lNaJgI+2Q5URQBkccEKHTQOPaXdUxnZZElQTZY0MFUAuaEqe1E+Nyvgdz/aIyNi6Z9MzO5dv1H8n58/GELp3+w==
  dependencies:
    wrappy "1"

path-is-absolute@^1.0.0:
  version "1.0.1"
  resolved "https://registry.yarnpkg.com/path-is-absolute/-/path-is-absolute-1.0.1.tgz#174b9268735534ffbc7ace6bf53a5a9e1b5c5f5f"
  integrity sha512-AVbw3UJ2e9bq64vSaS9Am0fje1Pa8pbGqTTsmXfaIiMpnr5DlDhfJOuLj9Sf95ZPVDAUerDfEk88MPmPe7UCQg==

path-parse@^1.0.7:
  version "1.0.7"
  resolved "https://registry.yarnpkg.com/path-parse/-/path-parse-1.0.7.tgz#fbc114b60ca42b30d9daf5858e4bd68bbedb6735"
  integrity sha512-LDJzPVEEEPR+y48z93A0Ed0yXb8pAByGWo/k5YYdYgpY2/2EsOsksJrq7lOHxryrVOn1ejG6oAp8ahvOIQD8sw==

rechoir@^0.6.2:
  version "0.6.2"
  resolved "https://registry.yarnpkg.com/rechoir/-/rechoir-0.6.2.tgz#85204b54dba82d5742e28c96756ef43af50e3384"
  integrity sha512-HFM8rkZ+i3zrV+4LQjwQ0W+ez98pApMGM3HUrN04j3CqzPOzl9nmP15Y8YXNm8QHGv/eacOVEjqhmWpkRV0NAw==
  dependencies:
    resolve "^1.1.6"

regenerator-runtime@^0.13.11:
  version "0.13.11"
  resolved "https://registry.yarnpkg.com/regenerator-runtime/-/regenerator-runtime-0.13.11.tgz#f6dca3e7ceec20590d07ada785636a90cdca17f9"
  integrity sha512-kY1AZVr2Ra+t+piVaJ4gxaFaReZVH40AKNo7UCX6W+dEwBo/2oZJzqfuN1qLq1oL45o56cPaTXELwrTh8Fpggg==

require-directory@^2.1.1:
  version "2.1.1"
  resolved "https://registry.yarnpkg.com/require-directory/-/require-directory-2.1.1.tgz#8c64ad5fd30dab1c976e2344ffe7f792a6a6df42"
  integrity sha512-fGxEI7+wsG9xrvdjsrlmL22OMTTiHRwAMroiEeMgq8gzoLC/PQr7RsRDSTLUg/bZAZtF+TVIkHc6/4RIKrui+Q==

resolve@^1.1.6:
  version "1.22.4"
  resolved "https://registry.yarnpkg.com/resolve/-/resolve-1.22.4.tgz#1dc40df46554cdaf8948a486a10f6ba1e2026c34"
  integrity sha512-PXNdCiPqDqeUou+w1C2eTQbNfxKSuMxqTCuvlmmMsk1NWHL5fRrhY6Pl0qEYYc6+QqGClco1Qj8XnjPego4wfg==
  dependencies:
    is-core-module "^2.13.0"
    path-parse "^1.0.7"
    supports-preserve-symlinks-flag "^1.0.0"

rimraf@^3.0.0:
  version "3.0.2"
  resolved "https://registry.yarnpkg.com/rimraf/-/rimraf-3.0.2.tgz#f1a5402ba6220ad52cc1282bac1ae3aa49fd061a"
  integrity sha512-JZkJMZkAGFFPP2YqXZXPbMlMBgsxzE8ILs4lMIX/2o0L9UBw9O/Y3o6wFw/i9YLapcUJWwqbi3kdxIPdC62TIA==
  dependencies:
    glob "^7.1.3"

rxjs@^6.6.3:
  version "6.6.7"
  resolved "https://registry.yarnpkg.com/rxjs/-/rxjs-6.6.7.tgz#90ac018acabf491bf65044235d5863c4dab804c9"
  integrity sha512-hTdwr+7yYNIT5n4AMYp85KA6yw2Va0FLa3Rguvbpa4W3I5xynaBZo41cM3XM+4Q6fRMj3sBYIR1VAmZMXYJvRQ==
  dependencies:
    tslib "^1.9.0"

semver@^7.3.2:
  version "7.5.4"
  resolved "https://registry.yarnpkg.com/semver/-/semver-7.5.4.tgz#483986ec4ed38e1c6c48c34894a9182dbff68a6e"
  integrity sha512-1bCSESV6Pv+i21Hvpxp3Dx+pSD8lIPt8uVjRrxAUt/nbswYc+tK6Y2btiULjd4+fnq15PX+nqQDC7Oft7WkwcA==
  dependencies:
    lru-cache "^6.0.0"

shelljs@^0.8.3:
  version "0.8.5"
  resolved "https://registry.yarnpkg.com/shelljs/-/shelljs-0.8.5.tgz#de055408d8361bed66c669d2f000538ced8ee20c"
  integrity sha512-TiwcRcrkhHvbrZbnRcFYMLl30Dfov3HKqzp5tO5b4pt6G/SezKcYhmDg15zXVBswHmctSAQKznqNW2LO5tTDow==
  dependencies:
    glob "^7.0.0"
    interpret "^1.0.0"
    rechoir "^0.6.2"

spawn-command@^0.0.2-1:
  version "0.0.2-1"
  resolved "https://registry.yarnpkg.com/spawn-command/-/spawn-command-0.0.2-1.tgz#62f5e9466981c1b796dc5929937e11c9c6921bd0"
  integrity sha512-n98l9E2RMSJ9ON1AKisHzz7V42VDiBQGY6PB1BwRglz99wpVsSuGzQ+jOi6lFXBGVTCrRpltvjm+/XA+tpeJrg==

string-width@^4.1.0, string-width@^4.2.0:
  version "4.2.3"
  resolved "https://registry.yarnpkg.com/string-width/-/string-width-4.2.3.tgz#269c7117d27b05ad2e536830a8ec895ef9c6d010"
  integrity sha512-wKyQRQpjJ0sIp62ErSZdGsjMJWsap5oRNihHhu6G7JVO/9jIB6UyevL+tXuOqrng8j/cxKTWyWUwvSTriiZz/g==
  dependencies:
    emoji-regex "^8.0.0"
    is-fullwidth-code-point "^3.0.0"
    strip-ansi "^6.0.1"

strip-ansi@^6.0.0, strip-ansi@^6.0.1:
  version "6.0.1"
  resolved "https://registry.yarnpkg.com/strip-ansi/-/strip-ansi-6.0.1.tgz#9e26c63d30f53443e9489495b2105d37b67a85d9"
  integrity sha512-Y38VPSHcqkFrCpFnQ9vuSXmquuv5oXOKpGeT6aGrr3o3Gc9AlVa6JBfUSOCnbxGGZF+/0ooI7KrPuUSztUdU5A==
  dependencies:
    ansi-regex "^5.0.1"

strnum@^1.0.5:
  version "1.0.5"
  resolved "https://registry.yarnpkg.com/strnum/-/strnum-1.0.5.tgz#5c4e829fe15ad4ff0d20c3db5ac97b73c9b072db"
  integrity sha512-J8bbNyKKXl5qYcR36TIO8W3mVGVHrmmxsd5PAItGkmyzwJvybiw2IVq5nqd0i4LSNSkB/sx9VHllbfFdr9k1JA==

supports-color@^7.1.0:
  version "7.2.0"
  resolved "https://registry.yarnpkg.com/supports-color/-/supports-color-7.2.0.tgz#1b7dcdcb32b8138801b3e478ba6a51caa89648da"
  integrity sha512-qpCAvRl9stuOHveKsn7HncJRvv501qIacKzQlO/+Lwxc9+0q2wLyv4Dfvt80/DPn2pqOBsJdDiogXGR9+OvwRw==
  dependencies:
    has-flag "^4.0.0"

supports-color@^8.1.0:
  version "8.1.1"
  resolved "https://registry.yarnpkg.com/supports-color/-/supports-color-8.1.1.tgz#cd6fc17e28500cff56c1b86c0a7fd4a54a73005c"
  integrity sha512-MpUEN2OodtUzxvKQl72cUF7RQ5EiHsGvSsVG0ia9c5RbWGL2CI4C7EpPS8UTBIplnlzZiNuV56w+FuNxy3ty2Q==
  dependencies:
    has-flag "^4.0.0"

supports-preserve-symlinks-flag@^1.0.0:
  version "1.0.0"
  resolved "https://registry.yarnpkg.com/supports-preserve-symlinks-flag/-/supports-preserve-symlinks-flag-1.0.0.tgz#6eda4bd344a3c94aea376d4cc31bc77311039e09"
  integrity sha512-ot0WnXS9fgdkgIcePe6RHNk1WA8+muPa6cSjeR3V8K27q9BB1rTE3R1p7Hv0z1ZyAc8s6Vvv8DIyWf681MAt0w==

tree-kill@^1.2.2:
  version "1.2.2"
  resolved "https://registry.yarnpkg.com/tree-kill/-/tree-kill-1.2.2.tgz#4ca09a9092c88b73a7cdc5e8a01b507b0790a0cc"
  integrity sha512-L0Orpi8qGpRG//Nd+H90vFB+3iHnue1zSSGmNOOCh1GLJ7rUKVwV2HvijphGQS2UmhUZewS9VgvxYIdgr+fG1A==

tslib@^1.11.1, tslib@^1.9.0:
  version "1.14.1"
  resolved "https://registry.yarnpkg.com/tslib/-/tslib-1.14.1.tgz#cf2d38bdc34a134bcaf1091c41f6619e2f672d00"
  integrity sha512-Xni35NKzjgMrwevysHTCArtLDpPvye8zV/0E4EyYn43P7/7qvQwPh9BGkHewbMulVntbigmcT7rdX3BNo9wRJg==

tslib@^2.3.1, tslib@^2.5.0:
  version "2.6.1"
  resolved "https://registry.yarnpkg.com/tslib/-/tslib-2.6.1.tgz#fd8c9a0ff42590b25703c0acb3de3d3f4ede0410"
  integrity sha512-t0hLfiEKfMUoqhG+U1oid7Pva4bbDPHYfJNiB7BiIjRkj1pyC++4N3huJfqY6aRH6VTB0rvtzQwjM4K6qpfOig==

tslib@^2.6.2:
  version "2.6.2"
  resolved "https://registry.yarnpkg.com/tslib/-/tslib-2.6.2.tgz#703ac29425e7b37cd6fd456e92404d46d1f3e4ae"
  integrity sha512-AEYxH93jGFPn/a2iVAwW87VuUIkR1FVUKB77NwMF7nBTDkDrrT/Hpt/IrCJ0QXhW27jTBDcf5ZY7w6RiqTMw2Q==

typescript@next:
  version "5.2.0-dev.20230805"
  resolved "https://registry.yarnpkg.com/typescript/-/typescript-5.2.0-dev.20230805.tgz#268b16daef756e046afb3cde7909a28805711b4a"
  integrity sha512-7WQVs+Bx10F/0wuAO6+4raW6bvWnZ723Hrm6RdTof2L8dO0vsUDdxg0gpoEHL1tJ+Z3llQ8bOdxpliBVevvofQ==

typescript@~4.9.5:
  version "4.9.5"
  resolved "https://registry.yarnpkg.com/typescript/-/typescript-4.9.5.tgz#095979f9bcc0d09da324d58d03ce8f8374cbe65a"
  integrity sha512-1FXk9E2Hm+QzZQ7z+McJiHL4NW1F2EzMu9Nq9i3zAaGqibafqYwCVU6WyWAuyQRRzOlxou8xZSyXLEN8oKj24g==

uuid@^9.0.1:
  version "9.0.1"
  resolved "https://registry.yarnpkg.com/uuid/-/uuid-9.0.1.tgz#e188d4c8853cc722220392c424cd637f32293f30"
  integrity sha512-b+1eJOlsR9K8HJpow9Ok3fiWOWSIcIzXodvv0rQjVoOVNpWMpxf1wZNpt4y9h10odCNrqnYp1OBzRktckBe3sA==

wrap-ansi@^7.0.0:
  version "7.0.0"
  resolved "https://registry.yarnpkg.com/wrap-ansi/-/wrap-ansi-7.0.0.tgz#67e145cff510a6a6984bdf1152911d69d2eb9e43"
  integrity sha512-YVGIj2kamLSTxw6NsZjoBxfSwsn0ycdesmc4p+Q21c5zPuZ1pl+NfxVdxPtdHvmNVOQ6XSYG4AUtyt/Fi7D16Q==
  dependencies:
    ansi-styles "^4.0.0"
    string-width "^4.1.0"
    strip-ansi "^6.0.0"

wrappy@1:
  version "1.0.2"
  resolved "https://registry.yarnpkg.com/wrappy/-/wrappy-1.0.2.tgz#b5243d8f3ec1aa35f1364605bc0d1036e30ab69f"
  integrity sha512-l4Sp/DRseor9wL6EvV2+TuQn63dMkPjZ/sp9XkghTEbV9KlPS1xUsZ3u7/IQO4wxtcFB4bgpQPRcR3QCvezPcQ==

y18n@^5.0.5:
  version "5.0.8"
  resolved "https://registry.yarnpkg.com/y18n/-/y18n-5.0.8.tgz#7f4934d0f7ca8c56f95314939ddcd2dd91ce1d55"
  integrity sha512-0pfFzegeDWJHJIAmTLRP2DwHjdF5s7jo9tuztdQxAhINCdvS+3nGINqPd00AphqJR/0LhANUS6/+7SCb98YOfA==

yallist@^4.0.0:
  version "4.0.0"
  resolved "https://registry.yarnpkg.com/yallist/-/yallist-4.0.0.tgz#9bb92790d9c0effec63be73519e11a35019a3a72"
  integrity sha512-3wdGidZyq5PB084XLES5TpOSRA3wjXAlIWMhum2kRcv/41Sn2emQ0dycQW4uZXLejwKvg6EsvbdlVL+FYEct7A==

yargs-parser@^20.2.2:
  version "20.2.9"
  resolved "https://registry.yarnpkg.com/yargs-parser/-/yargs-parser-20.2.9.tgz#2eb7dc3b0289718fc295f362753845c41a0c94ee"
  integrity sha512-y11nGElTIV+CT3Zv9t7VKl+Q3hTQoT9a1Qzezhhl6Rp21gJ/IVTW7Z3y9EWXhuUBC2Shnf+DX0antecpAwSP8w==

yargs@^16.2.0:
  version "16.2.0"
  resolved "https://registry.yarnpkg.com/yargs/-/yargs-16.2.0.tgz#1c82bf0f6b6a66eafce7ef30e376f49a12477f66"
  integrity sha512-D1mvvtDG0L5ft/jGWkLpG1+m0eQxOfaBvTNELraWj22wSVUMWxZUvYgJYcKh6jGGIkJFhH4IZPQhR4TKpc8mBw==
  dependencies:
    cliui "^7.0.2"
    escalade "^3.1.1"
    get-caller-file "^2.0.5"
    require-directory "^2.1.1"
    string-width "^4.2.0"
    y18n "^5.0.5"
    yargs-parser "^20.2.2"
